{
    "_readme": [
        "This file locks the dependencies of your project to a known state",
        "Read more about it at https://getcomposer.org/doc/01-basic-usage.md#installing-dependencies",
        "This file is @generated automatically"
    ],
    "content-hash": "499388be638a8468221a228d4af83cc6",
    "packages": [
        {
            "name": "automattic/jetpack-logo",
            "version": "1.0.0",
            "dist": {
                "type": "path",
                "url": "../jetpack/packages/logo",
                "reference": "b490a4362ab6850c98434380b55018be09228b1e"
            },
            "type": "library",
            "autoload": {
                "psr-4": {
                    "Jetpack\\Assets\\": "src/"
                }
            },
            "license": [
                "GPL-2.0-or-later"
            ],
            "description": "A logo for Jetpack",
            "transport-options": {
                "symlink": true
            }
        }
    ],
    "packages-dev": [
        {
            "name": "automattic/jetpack-autoloader",
            "version": "1.0.0",
            "dist": {
                "type": "path",
                "url": "../jetpack/packages/autoloader",
                "reference": "8284552129d736e9a0425f659376fcb1fd155d69"
            },
            "require": {
                "composer-plugin-api": "^1.1"
            },
            "type": "composer-plugin",
            "extra": {
                "class": "Jetpack\\Autoloader\\CustomAutoloaderPlugin"
            },
            "autoload": {
                "psr-4": {
                    "Jetpack\\Autoloader\\": "src"
                }
            },
            "license": [
                "GPL-2.0-or-later"
            ],
            "description": "Creates a custom autoloader for a plugin or theme.",
            "transport-options": {
                "symlink": false
            }
        }
    ],
    "aliases": [],
    "minimum-stability": "stable",
    "stability-flags": [],
    "prefer-stable": false,
    "prefer-lowest": false,
    "platform": [],
    "platform-dev": []
}
