{
    "_readme": [
        "This file locks the dependencies of your project to a known state",
        "Read more about it at https://getcomposer.org/doc/01-basic-usage.md#installing-dependencies",
        "This file is @generated automatically"
    ],
    "content-hash": "b25762dc094c0ff168ef5fca7d0266bc",
    "packages": [
        {
            "name": "automattic/jetpack-abtest",
            "version": "v1.0.4",
            "source": {
                "type": "git",
                "url": "https://github.com/Automattic/jetpack-abtest.git",
                "reference": "faed5181e0dbe596b7e083e40affceed686928ba"
            },
            "dist": {
                "type": "zip",
                "url": "https://api.github.com/repos/Automattic/jetpack-abtest/zipball/faed5181e0dbe596b7e083e40affceed686928ba",
                "reference": "faed5181e0dbe596b7e083e40affceed686928ba",
                "shasum": ""
            },
            "require": {
                "automattic/jetpack-connection": "@dev",
                "automattic/jetpack-error": "@dev"
            },
            "require-dev": {
                "php-mock/php-mock": "^2.1",
                "phpunit/phpunit": "^5.7 || ^6.5 || ^7.5"
            },
            "type": "library",
            "autoload": {
                "classmap": [
                    "src/"
                ]
            },
            "notification-url": "https://packagist.org/downloads/",
            "license": [
                "GPL-2.0-or-later"
            ],
            "description": "Provides an interface to the WP.com A/B tests.",
            "time": "2019-11-08T21:16:05+00:00"
        },
        {
            "name": "automattic/jetpack-assets",
            "version": "v1.1.1",
            "source": {
                "type": "git",
                "url": "https://github.com/Automattic/jetpack-assets.git",
                "reference": "157b2d4adfddc7cc395929b6a0de8ab43bc52155"
            },
            "dist": {
                "type": "zip",
                "url": "https://api.github.com/repos/Automattic/jetpack-assets/zipball/157b2d4adfddc7cc395929b6a0de8ab43bc52155",
                "reference": "157b2d4adfddc7cc395929b6a0de8ab43bc52155",
                "shasum": ""
            },
            "require": {
                "automattic/jetpack-constants": "@dev"
            },
            "require-dev": {
                "brain/monkey": "2.4.0",
                "php-mock/php-mock": "^2.1",
                "phpunit/phpunit": "^5.7 || ^6.5 || ^7.5"
            },
            "type": "library",
            "autoload": {
                "classmap": [
                    "src/"
                ]
            },
            "notification-url": "https://packagist.org/downloads/",
            "license": [
                "GPL-2.0-or-later"
            ],
            "description": "Asset management utilities for Jetpack ecosystem packages",
            "time": "2020-01-27T11:04:11+00:00"
        },
        {
            "name": "automattic/jetpack-autoloader",
            "version": "v1.4.0",
            "source": {
                "type": "git",
                "url": "https://github.com/Automattic/jetpack-autoloader.git",
                "reference": "3cb0ad8496d04a648435ebee7c2a652c80eaf550"
            },
            "dist": {
                "type": "zip",
                "url": "https://api.github.com/repos/Automattic/jetpack-autoloader/zipball/3cb0ad8496d04a648435ebee7c2a652c80eaf550",
                "reference": "3cb0ad8496d04a648435ebee7c2a652c80eaf550",
                "shasum": ""
            },
            "require": {
                "composer-plugin-api": "^1.1"
            },
            "require-dev": {
                "phpunit/phpunit": "^5.7 || ^6.5 || ^7.5"
            },
            "type": "composer-plugin",
            "extra": {
                "class": "Automattic\\Jetpack\\Autoloader\\CustomAutoloaderPlugin"
            },
            "autoload": {
                "psr-4": {
                    "Automattic\\Jetpack\\Autoloader\\": "src"
                }
            },
            "notification-url": "https://packagist.org/downloads/",
            "license": [
                "GPL-2.0-or-later"
            ],
            "description": "Creates a custom autoloader for a plugin or theme.",
            "time": "2020-01-22T17:49:03+00:00"
        },
        {
            "name": "automattic/jetpack-backup",
            "version": "v1.0.2",
            "source": {
                "type": "git",
                "url": "https://github.com/Automattic/jetpack-backup.git",
                "reference": "ea2aaa9be3697d8b885a74a11411c7818fba5a75"
            },
            "dist": {
                "type": "zip",
                "url": "https://api.github.com/repos/Automattic/jetpack-backup/zipball/ea2aaa9be3697d8b885a74a11411c7818fba5a75",
                "reference": "ea2aaa9be3697d8b885a74a11411c7818fba5a75",
                "shasum": ""
            },
            "type": "library",
            "autoload": {
                "files": [
                    "actions.php"
                ],
                "classmap": [
                    "src/"
                ]
            },
            "notification-url": "https://packagist.org/downloads/",
            "license": [
                "GPL-2.0-or-later"
            ],
            "description": "Tools to assist with backing up Jetpack sites.",
            "time": "2019-11-08T21:16:05+00:00"
        },
        {
            "name": "automattic/jetpack-compat",
            "version": "v1.0.5",
            "source": {
                "type": "git",
                "url": "https://github.com/Automattic/jetpack-compat.git",
                "reference": "2a4a2fd64bbcaab0a6af6dfe3a5ea8342eca9cbf"
            },
            "dist": {
                "type": "zip",
                "url": "https://api.github.com/repos/Automattic/jetpack-compat/zipball/2a4a2fd64bbcaab0a6af6dfe3a5ea8342eca9cbf",
                "reference": "2a4a2fd64bbcaab0a6af6dfe3a5ea8342eca9cbf",
                "shasum": ""
            },
            "require-dev": {
                "php-mock/php-mock": "^2.1",
                "phpunit/phpunit": "^5.7 || ^6.5 || ^7.5"
            },
            "type": "library",
            "autoload": {
                "files": [
                    "functions.php"
                ],
                "classmap": [
                    "legacy"
                ]
            },
            "notification-url": "https://packagist.org/downloads/",
            "license": [
                "GPL-2.0-or-later"
            ],
            "description": "Compatibility layer with previous versions of Jetpack",
            "time": "2019-11-08T21:16:05+00:00"
        },
        {
            "name": "automattic/jetpack-config",
            "version": "v1.1.0",
            "source": {
                "type": "git",
                "url": "https://github.com/Automattic/jetpack-config.git",
                "reference": "df7cfce4231fb50e8cd433a6ccf52e99a269c16c"
            },
            "dist": {
                "type": "zip",
                "url": "https://api.github.com/repos/Automattic/jetpack-config/zipball/df7cfce4231fb50e8cd433a6ccf52e99a269c16c",
                "reference": "df7cfce4231fb50e8cd433a6ccf52e99a269c16c",
                "shasum": ""
            },
            "type": "library",
            "autoload": {
                "classmap": [
                    "src/"
                ]
            },
            "notification-url": "https://packagist.org/downloads/",
            "license": [
                "GPL-2.0-or-later"
            ],
            "description": "Jetpack configuration package that initializes other packages and configures Jetpack's functionality. Can be used as a base for all variants of Jetpack package usage.",
            "time": "2020-01-21T22:42:22+00:00"
        },
        {
            "name": "automattic/jetpack-connection",
            "version": "v1.8.0",
            "source": {
                "type": "git",
                "url": "https://github.com/Automattic/jetpack-connection.git",
                "reference": "e9e898ca3acb174a418637cac69355d6aad89762"
            },
            "dist": {
                "type": "zip",
                "url": "https://api.github.com/repos/Automattic/jetpack-connection/zipball/e9e898ca3acb174a418637cac69355d6aad89762",
                "reference": "e9e898ca3acb174a418637cac69355d6aad89762",
                "shasum": ""
            },
            "require": {
                "automattic/jetpack-constants": "@dev",
                "automattic/jetpack-options": "@dev",
                "automattic/jetpack-roles": "@dev"
            },
            "require-dev": {
                "php-mock/php-mock": "^2.1",
                "phpunit/phpunit": "^5.7 || ^6.5 || ^7.5"
            },
            "type": "library",
            "autoload": {
                "files": [
                    "legacy/load-ixr.php"
                ],
                "classmap": [
                    "legacy",
                    "src/"
                ]
            },
            "notification-url": "https://packagist.org/downloads/",
            "license": [
                "GPL-2.0-or-later"
            ],
            "description": "Everything needed to connect to the Jetpack infrastructure",
            "time": "2020-01-27T11:20:58+00:00"
        },
        {
            "name": "automattic/jetpack-constants",
            "version": "v1.1.3",
            "source": {
                "type": "git",
                "url": "https://github.com/Automattic/jetpack-constants.git",
                "reference": "5fdd94dec1151e7defd684a97e0b64fe6ff1bd3a"
            },
            "dist": {
                "type": "zip",
                "url": "https://api.github.com/repos/Automattic/jetpack-constants/zipball/5fdd94dec1151e7defd684a97e0b64fe6ff1bd3a",
                "reference": "5fdd94dec1151e7defd684a97e0b64fe6ff1bd3a",
                "shasum": ""
            },
            "require-dev": {
                "phpunit/phpunit": "^5.7 || ^6.5 || ^7.5"
            },
            "type": "library",
            "autoload": {
                "classmap": [
                    "src/"
                ]
            },
            "notification-url": "https://packagist.org/downloads/",
            "license": [
                "GPL-2.0-or-later"
            ],
            "description": "A wrapper for defining constants in a more testable way.",
            "time": "2019-11-08T21:16:05+00:00"
        },
        {
            "name": "automattic/jetpack-error",
            "version": "v1.0.4",
            "source": {
                "type": "git",
                "url": "https://github.com/Automattic/jetpack-error.git",
                "reference": "2128dd5a666154506727010350518529cc87b23d"
            },
            "dist": {
                "type": "zip",
                "url": "https://api.github.com/repos/Automattic/jetpack-error/zipball/2128dd5a666154506727010350518529cc87b23d",
                "reference": "2128dd5a666154506727010350518529cc87b23d",
                "shasum": ""
            },
            "require-dev": {
                "phpunit/phpunit": "^5.7 || ^6.5 || ^7.5"
            },
            "type": "library",
            "autoload": {
                "classmap": [
                    "src/"
                ]
            },
            "notification-url": "https://packagist.org/downloads/",
            "license": [
                "GPL-2.0-or-later"
            ],
            "description": "Jetpack Error - a wrapper around WP_Error.",
            "time": "2019-11-08T21:16:05+00:00"
        },
        {
            "name": "automattic/jetpack-jitm",
            "version": "v1.1.1",
            "source": {
                "type": "git",
                "url": "https://github.com/Automattic/jetpack-jitm.git",
                "reference": "3d8419a38d5ea45c174f98a30e0420011e4bc01c"
            },
            "dist": {
                "type": "zip",
                "url": "https://api.github.com/repos/Automattic/jetpack-jitm/zipball/3d8419a38d5ea45c174f98a30e0420011e4bc01c",
                "reference": "3d8419a38d5ea45c174f98a30e0420011e4bc01c",
                "shasum": ""
            },
            "require": {
                "automattic/jetpack-assets": "@dev",
                "automattic/jetpack-connection": "@dev",
                "automattic/jetpack-constants": "@dev",
                "automattic/jetpack-logo": "@dev",
                "automattic/jetpack-options": "@dev",
                "automattic/jetpack-tracking": "@dev"
            },
            "require-dev": {
                "mockery/mockery": "^1.2",
                "php-mock/php-mock": "^2.1",
                "phpunit/phpunit": "^5.7 || ^6.5 || ^7.5"
            },
            "type": "library",
            "autoload": {
                "classmap": [
                    "src/"
                ]
            },
            "notification-url": "https://packagist.org/downloads/",
            "license": [
                "GPL-2.0-or-later"
            ],
            "description": "Just in time messages for Jetpack",
            "time": "2020-01-21T22:42:22+00:00"
        },
        {
            "name": "automattic/jetpack-logo",
            "version": "v1.1.4",
            "source": {
                "type": "git",
                "url": "https://github.com/Automattic/jetpack-logo.git",
                "reference": "7da178a529f772cddfd0bbf1775eb30a852739c2"
            },
            "dist": {
                "type": "zip",
                "url": "https://api.github.com/repos/Automattic/jetpack-logo/zipball/7da178a529f772cddfd0bbf1775eb30a852739c2",
                "reference": "7da178a529f772cddfd0bbf1775eb30a852739c2",
                "shasum": ""
            },
            "require-dev": {
                "php-mock/php-mock": "^2.1",
                "phpunit/phpunit": "^5.7 || ^6.5 || ^7.5"
            },
            "type": "library",
            "autoload": {
                "classmap": [
                    "src/"
                ]
            },
            "notification-url": "https://packagist.org/downloads/",
            "license": [
                "GPL-2.0-or-later"
            ],
            "description": "A logo for Jetpack",
            "time": "2019-11-08T21:16:05+00:00"
        },
        {
            "name": "automattic/jetpack-options",
            "version": "v1.1.2",
            "source": {
                "type": "git",
                "url": "https://github.com/Automattic/jetpack-options.git",
                "reference": "cc81a75b7b3fecd1155a517a057ca74975ca8b5d"
            },
            "dist": {
                "type": "zip",
                "url": "https://api.github.com/repos/Automattic/jetpack-options/zipball/cc81a75b7b3fecd1155a517a057ca74975ca8b5d",
                "reference": "cc81a75b7b3fecd1155a517a057ca74975ca8b5d",
                "shasum": ""
            },
            "require": {
                "automattic/jetpack-constants": "@dev"
            },
            "require-dev": {
                "10up/wp_mock": "0.4.2",
                "phpunit/phpunit": "7.*.*"
            },
            "type": "library",
            "autoload": {
                "classmap": [
                    "legacy"
                ]
            },
            "notification-url": "https://packagist.org/downloads/",
            "license": [
                "GPL-2.0-or-later"
            ],
            "description": "A wrapper for wp-options to manage specific Jetpack options.",
            "time": "2019-11-08T21:16:05+00:00"
        },
        {
            "name": "automattic/jetpack-partner",
            "version": "v1.0.1",
            "source": {
                "type": "git",
                "url": "https://github.com/Automattic/jetpack-partner.git",
                "reference": "866dfe161654acd18115b94aa117186f53a6ee6d"
            },
            "dist": {
                "type": "zip",
                "url": "https://api.github.com/repos/Automattic/jetpack-partner/zipball/866dfe161654acd18115b94aa117186f53a6ee6d",
                "reference": "866dfe161654acd18115b94aa117186f53a6ee6d",
                "shasum": ""
            },
            "require-dev": {
                "brain/monkey": "2.4.0",
                "mockery/mockery": "^1.2",
                "php-mock/php-mock": "^2.1",
                "phpunit/phpunit": "^5.7 || ^6.5 || ^7.5"
            },
            "type": "library",
            "autoload": {
                "classmap": [
                    "src/"
                ]
            },
            "notification-url": "https://packagist.org/downloads/",
            "license": [
                "GPL-2.0-or-later"
            ],
            "description": "Support functions for Jetpack hosting partners.",
            "time": "2020-01-27T11:04:11+00:00"
        },
        {
            "name": "automattic/jetpack-roles",
            "version": "v1.0.4",
            "source": {
                "type": "git",
                "url": "https://github.com/Automattic/jetpack-roles.git",
                "reference": "0cdcff4fdc489c79f20a361c084ec48e326ce483"
            },
            "dist": {
                "type": "zip",
                "url": "https://api.github.com/repos/Automattic/jetpack-roles/zipball/0cdcff4fdc489c79f20a361c084ec48e326ce483",
                "reference": "0cdcff4fdc489c79f20a361c084ec48e326ce483",
                "shasum": ""
            },
            "require-dev": {
                "php-mock/php-mock": "^2.1",
                "phpunit/phpunit": "^5.7 || ^6.5 || ^7.5"
            },
            "type": "library",
            "autoload": {
                "classmap": [
                    "src/"
                ]
            },
            "notification-url": "https://packagist.org/downloads/",
            "license": [
                "GPL-2.0-or-later"
            ],
            "description": "Utilities, related with user roles and capabilities.",
            "time": "2019-11-08T21:16:05+00:00"
        },
        {
            "name": "automattic/jetpack-status",
            "version": "v1.1.1",
            "source": {
                "type": "git",
                "url": "https://github.com/Automattic/jetpack-status.git",
                "reference": "c688b03859381e66164c821971e851408a5e232a"
            },
            "dist": {
                "type": "zip",
                "url": "https://api.github.com/repos/Automattic/jetpack-status/zipball/c688b03859381e66164c821971e851408a5e232a",
                "reference": "c688b03859381e66164c821971e851408a5e232a",
                "shasum": ""
            },
            "require-dev": {
                "brain/monkey": "2.4.0",
                "php-mock/php-mock": "^2.1",
                "phpunit/phpunit": "^5.7 || ^6.5 || ^7.5"
            },
            "type": "library",
            "autoload": {
                "classmap": [
                    "src/"
                ]
            },
            "notification-url": "https://packagist.org/downloads/",
            "license": [
                "GPL-2.0-or-later"
            ],
            "description": "Used to retrieve information about the current status of Jetpack and the site overall.",
            "time": "2020-01-27T11:04:11+00:00"
        },
        {
            "name": "automattic/jetpack-sync",
            "version": "dev-fork/jetpack-sync-v1.7.4+vip",
            "source": {
                "type": "git",
                "url": "https://github.com/Automattic/jetpack-sync.git",
                "reference": "070a46e38d34a0ceba15b9d4b0de115fbe76b20f"
            },
            "dist": {
                "type": "zip",
                "url": "https://api.github.com/repos/Automattic/jetpack-sync/zipball/070a46e38d34a0ceba15b9d4b0de115fbe76b20f",
                "reference": "070a46e38d34a0ceba15b9d4b0de115fbe76b20f",
                "shasum": ""
            },
            "require": {
                "automattic/jetpack-connection": "@dev",
                "automattic/jetpack-constants": "@dev",
                "automattic/jetpack-options": "@dev",
                "automattic/jetpack-roles": "@dev",
                "automattic/jetpack-status": "@dev"
            },
            "type": "library",
            "autoload": {
                "classmap": [
                    "src/"
                ]
            },
            "notification-url": "https://packagist.org/downloads/",
            "license": [
                "GPL-2.0-or-later"
            ],
            "description": "Everything needed to allow syncing to the WP.com infrastructure.",
            "time": "2020-02-14T17:53:00+00:00"
        },
        {
            "name": "automattic/jetpack-terms-of-service",
            "version": "v1.0.4",
            "source": {
                "type": "git",
                "url": "https://github.com/Automattic/jetpack-terms-of-service.git",
                "reference": "fcee8e9de7f37d36bd68ac1ebabdb15cf6e10952"
            },
            "dist": {
                "type": "zip",
                "url": "https://api.github.com/repos/Automattic/jetpack-terms-of-service/zipball/fcee8e9de7f37d36bd68ac1ebabdb15cf6e10952",
                "reference": "fcee8e9de7f37d36bd68ac1ebabdb15cf6e10952",
                "shasum": ""
            },
            "require": {
                "automattic/jetpack-connection": "@dev",
                "automattic/jetpack-options": "@dev",
                "automattic/jetpack-status": "@dev"
            },
            "require-dev": {
                "php-mock/php-mock": "^2.1",
                "phpunit/phpunit": "^5.7 || ^6.5 || ^7.5"
            },
            "type": "library",
            "autoload": {
                "classmap": [
                    "src/"
                ]
            },
            "notification-url": "https://packagist.org/downloads/",
            "license": [
                "GPL-2.0-or-later"
            ],
            "description": "Everything need to manage the terms of service state",
            "time": "2019-11-15T16:03:27+00:00"
        },
        {
            "name": "automattic/jetpack-tracking",
            "version": "v1.2.2",
            "source": {
                "type": "git",
                "url": "https://github.com/Automattic/jetpack-tracking.git",
                "reference": "d337a8f4234c684e80a43ff9ad3051a46a1f35d6"
            },
            "dist": {
                "type": "zip",
                "url": "https://api.github.com/repos/Automattic/jetpack-tracking/zipball/d337a8f4234c684e80a43ff9ad3051a46a1f35d6",
                "reference": "d337a8f4234c684e80a43ff9ad3051a46a1f35d6",
                "shasum": ""
            },
            "require": {
                "automattic/jetpack-options": "@dev",
                "automattic/jetpack-terms-of-service": "@dev"
            },
            "require-dev": {
                "php-mock/php-mock": "^2.1",
                "phpunit/phpunit": "^5.7 || ^6.5 || ^7.5"
            },
            "type": "library",
            "autoload": {
                "classmap": [
                    "legacy",
                    "src/"
                ]
            },
            "notification-url": "https://packagist.org/downloads/",
            "license": [
                "GPL-2.0-or-later"
            ],
            "description": "Tracking for Jetpack",
            "time": "2019-11-08T21:16:05+00:00"
        }
    ],
    "packages-dev": [
        {
            "name": "dealerdirect/phpcodesniffer-composer-installer",
            "version": "v0.5.0",
            "source": {
                "type": "git",
                "url": "https://github.com/Dealerdirect/phpcodesniffer-composer-installer.git",
                "reference": "e749410375ff6fb7a040a68878c656c2e610b132"
            },
            "dist": {
                "type": "zip",
                "url": "https://api.github.com/repos/Dealerdirect/phpcodesniffer-composer-installer/zipball/e749410375ff6fb7a040a68878c656c2e610b132",
                "reference": "e749410375ff6fb7a040a68878c656c2e610b132",
                "shasum": ""
            },
            "require": {
                "composer-plugin-api": "^1.0",
                "php": "^5.3|^7",
                "squizlabs/php_codesniffer": "^2|^3"
            },
            "require-dev": {
                "composer/composer": "*",
                "phpcompatibility/php-compatibility": "^9.0",
                "sensiolabs/security-checker": "^4.1.0"
            },
            "type": "composer-plugin",
            "extra": {
                "class": "Dealerdirect\\Composer\\Plugin\\Installers\\PHPCodeSniffer\\Plugin"
            },
            "autoload": {
                "psr-4": {
                    "Dealerdirect\\Composer\\Plugin\\Installers\\PHPCodeSniffer\\": "src/"
                }
            },
            "notification-url": "https://packagist.org/downloads/",
            "license": [
                "MIT"
            ],
            "authors": [
                {
                    "name": "Franck Nijhof",
                    "email": "franck.nijhof@dealerdirect.com",
                    "homepage": "http://www.frenck.nl",
                    "role": "Developer / IT Manager"
                }
            ],
            "description": "PHP_CodeSniffer Standards Composer Installer Plugin",
            "homepage": "http://www.dealerdirect.com",
            "keywords": [
                "PHPCodeSniffer",
                "PHP_CodeSniffer",
                "code quality",
                "codesniffer",
                "composer",
                "installer",
                "phpcs",
                "plugin",
                "qa",
                "quality",
                "standard",
                "standards",
                "style guide",
                "stylecheck",
                "tests"
            ],
            "time": "2018-10-26T13:21:45+00:00"
        },
        {
            "name": "phpcompatibility/php-compatibility",
            "version": "9.3.5",
            "source": {
                "type": "git",
                "url": "https://github.com/PHPCompatibility/PHPCompatibility.git",
                "reference": "9fb324479acf6f39452e0655d2429cc0d3914243"
            },
            "dist": {
                "type": "zip",
                "url": "https://api.github.com/repos/PHPCompatibility/PHPCompatibility/zipball/9fb324479acf6f39452e0655d2429cc0d3914243",
                "reference": "9fb324479acf6f39452e0655d2429cc0d3914243",
                "shasum": ""
            },
            "require": {
                "php": ">=5.3",
                "squizlabs/php_codesniffer": "^2.3 || ^3.0.2"
            },
            "conflict": {
                "squizlabs/php_codesniffer": "2.6.2"
            },
            "require-dev": {
                "phpunit/phpunit": "~4.5 || ^5.0 || ^6.0 || ^7.0"
            },
            "suggest": {
                "dealerdirect/phpcodesniffer-composer-installer": "^0.5 || This Composer plugin will sort out the PHPCS 'installed_paths' automatically.",
                "roave/security-advisories": "dev-master || Helps prevent installing dependencies with known security issues."
            },
            "type": "phpcodesniffer-standard",
            "notification-url": "https://packagist.org/downloads/",
            "license": [
                "LGPL-3.0-or-later"
            ],
            "authors": [
                {
                    "name": "Wim Godden",
                    "homepage": "https://github.com/wimg",
                    "role": "lead"
                },
                {
                    "name": "Juliette Reinders Folmer",
                    "homepage": "https://github.com/jrfnl",
                    "role": "lead"
                },
                {
                    "name": "Contributors",
                    "homepage": "https://github.com/PHPCompatibility/PHPCompatibility/graphs/contributors"
                }
            ],
            "description": "A set of sniffs for PHP_CodeSniffer that checks for PHP cross-version compatibility.",
            "homepage": "http://techblog.wimgodden.be/tag/codesniffer/",
            "keywords": [
                "compatibility",
                "phpcs",
                "standards"
            ],
            "time": "2019-12-27T09:44:58+00:00"
        },
        {
            "name": "phpcompatibility/phpcompatibility-paragonie",
            "version": "1.3.0",
            "source": {
                "type": "git",
                "url": "https://github.com/PHPCompatibility/PHPCompatibilityParagonie.git",
                "reference": "b862bc32f7e860d0b164b199bd995e690b4b191c"
            },
            "dist": {
                "type": "zip",
                "url": "https://api.github.com/repos/PHPCompatibility/PHPCompatibilityParagonie/zipball/b862bc32f7e860d0b164b199bd995e690b4b191c",
                "reference": "b862bc32f7e860d0b164b199bd995e690b4b191c",
                "shasum": ""
            },
            "require": {
                "phpcompatibility/php-compatibility": "^9.0"
            },
            "require-dev": {
                "dealerdirect/phpcodesniffer-composer-installer": "^0.5",
                "paragonie/random_compat": "dev-master",
                "paragonie/sodium_compat": "dev-master"
            },
            "suggest": {
                "dealerdirect/phpcodesniffer-composer-installer": "^0.5 || This Composer plugin will sort out the PHP_CodeSniffer 'installed_paths' automatically.",
                "roave/security-advisories": "dev-master || Helps prevent installing dependencies with known security issues."
            },
            "type": "phpcodesniffer-standard",
            "notification-url": "https://packagist.org/downloads/",
            "license": [
                "LGPL-3.0-or-later"
            ],
            "authors": [
                {
                    "name": "Wim Godden",
                    "role": "lead"
                },
                {
                    "name": "Juliette Reinders Folmer",
                    "role": "lead"
                }
            ],
            "description": "A set of rulesets for PHP_CodeSniffer to check for PHP cross-version compatibility issues in projects, while accounting for polyfills provided by the Paragonie polyfill libraries.",
            "homepage": "http://phpcompatibility.com/",
            "keywords": [
                "compatibility",
                "paragonie",
                "phpcs",
                "polyfill",
                "standards"
            ],
            "time": "2019-11-04T15:17:54+00:00"
        },
        {
            "name": "phpcompatibility/phpcompatibility-wp",
            "version": "2.1.0",
            "source": {
                "type": "git",
                "url": "https://github.com/PHPCompatibility/PHPCompatibilityWP.git",
                "reference": "41bef18ba688af638b7310666db28e1ea9158b2f"
            },
            "dist": {
                "type": "zip",
                "url": "https://api.github.com/repos/PHPCompatibility/PHPCompatibilityWP/zipball/41bef18ba688af638b7310666db28e1ea9158b2f",
                "reference": "41bef18ba688af638b7310666db28e1ea9158b2f",
                "shasum": ""
            },
            "require": {
                "phpcompatibility/php-compatibility": "^9.0",
                "phpcompatibility/phpcompatibility-paragonie": "^1.0"
            },
            "require-dev": {
                "dealerdirect/phpcodesniffer-composer-installer": "^0.5"
            },
            "suggest": {
                "dealerdirect/phpcodesniffer-composer-installer": "^0.5 || This Composer plugin will sort out the PHP_CodeSniffer 'installed_paths' automatically.",
                "roave/security-advisories": "dev-master || Helps prevent installing dependencies with known security issues."
            },
            "type": "phpcodesniffer-standard",
            "notification-url": "https://packagist.org/downloads/",
            "license": [
                "LGPL-3.0-or-later"
            ],
            "authors": [
                {
                    "name": "Wim Godden",
                    "role": "lead"
                },
                {
                    "name": "Juliette Reinders Folmer",
                    "role": "lead"
                }
            ],
            "description": "A ruleset for PHP_CodeSniffer to check for PHP cross-version compatibility issues in projects, while accounting for polyfills provided by WordPress.",
            "homepage": "http://phpcompatibility.com/",
            "keywords": [
                "compatibility",
                "phpcs",
                "standards",
                "wordpress"
            ],
            "time": "2019-08-28T14:22:28+00:00"
        },
        {
            "name": "sirbrillig/phpcs-changed",
            "version": "v2.2.7",
            "source": {
                "type": "git",
                "url": "https://github.com/sirbrillig/phpcs-changed.git",
                "reference": "4fd30eda5c91862ea28023c2762d3b57aae8f5e4"
            },
            "dist": {
                "type": "zip",
                "url": "https://api.github.com/repos/sirbrillig/phpcs-changed/zipball/4fd30eda5c91862ea28023c2762d3b57aae8f5e4",
                "reference": "4fd30eda5c91862ea28023c2762d3b57aae8f5e4",
                "shasum": ""
            },
            "require": {
                "php": "^7.1"
            },
            "require-dev": {
                "dealerdirect/phpcodesniffer-composer-installer": "^0.4.4",
                "limedeck/phpunit-detailed-printer": "^3.1",
                "phpstan/phpstan": "^0.11.12",
                "phpunit/phpunit": "^6.4",
                "sirbrillig/phpcs-import-detection": "^1.1.1",
                "sirbrillig/phpcs-variable-analysis": "^2.1.3",
                "squizlabs/php_codesniffer": "^3.2.1"
            },
            "bin": [
                "bin/phpcs-changed"
            ],
            "type": "library",
            "autoload": {
                "psr-4": {
                    "PhpcsChanged\\": "PhpcsChanged/"
                },
                "files": [
                    "PhpcsChanged/Cli.php",
                    "PhpcsChanged/SvnWorkflow.php",
                    "PhpcsChanged/GitWorkflow.php",
                    "PhpcsChanged/functions.php"
                ]
            },
            "notification-url": "https://packagist.org/downloads/",
            "license": [
                "MIT"
            ],
            "authors": [
                {
                    "name": "Payton Swick",
                    "email": "payton@foolord.com"
                }
            ],
            "description": "Run phpcs on files, but only report warnings/errors from lines which were changed.",
            "time": "2019-11-21T17:09:44+00:00"
        },
        {
            "name": "sirbrillig/phpcs-variable-analysis",
            "version": "v2.7.0",
            "source": {
                "type": "git",
                "url": "https://github.com/sirbrillig/phpcs-variable-analysis.git",
                "reference": "1b1b2b503a19bb56fa75f4a2d959b12c8ed28c12"
            },
            "dist": {
                "type": "zip",
                "url": "https://api.github.com/repos/sirbrillig/phpcs-variable-analysis/zipball/1b1b2b503a19bb56fa75f4a2d959b12c8ed28c12",
                "reference": "1b1b2b503a19bb56fa75f4a2d959b12c8ed28c12",
                "shasum": ""
            },
            "require": {
                "php": ">=5.6.0"
            },
            "require-dev": {
                "dealerdirect/phpcodesniffer-composer-installer": "^0.4.4",
                "limedeck/phpunit-detailed-printer": "^3.1",
                "phpstan/phpstan": "^0.11.8",
                "phpunit/phpunit": "^6.5",
                "sirbrillig/phpcs-import-detection": "^1.1",
                "squizlabs/php_codesniffer": "^3.1"
            },
            "type": "phpcodesniffer-standard",
            "autoload": {
                "psr-4": {
                    "VariableAnalysis\\": "VariableAnalysis/"
                }
            },
            "notification-url": "https://packagist.org/downloads/",
            "license": [
                "BSD-2-Clause"
            ],
            "authors": [
                {
                    "name": "Payton Swick",
                    "email": "payton@foolord.com"
                },
                {
                    "name": "Sam Graham",
                    "email": "php-codesniffer-variableanalysis@illusori.co.uk"
                }
            ],
            "description": "A PHPCS sniff to detect problems with variables.",
            "time": "2019-06-24T23:57:11+00:00"
        },
        {
            "name": "squizlabs/php_codesniffer",
            "version": "3.5.3",
            "source": {
                "type": "git",
                "url": "https://github.com/squizlabs/PHP_CodeSniffer.git",
                "reference": "557a1fc7ac702c66b0bbfe16ab3d55839ef724cb"
            },
            "dist": {
                "type": "zip",
                "url": "https://api.github.com/repos/squizlabs/PHP_CodeSniffer/zipball/557a1fc7ac702c66b0bbfe16ab3d55839ef724cb",
                "reference": "557a1fc7ac702c66b0bbfe16ab3d55839ef724cb",
                "shasum": ""
            },
            "require": {
                "ext-simplexml": "*",
                "ext-tokenizer": "*",
                "ext-xmlwriter": "*",
                "php": ">=5.4.0"
            },
            "require-dev": {
                "phpunit/phpunit": "^4.0 || ^5.0 || ^6.0 || ^7.0"
            },
            "bin": [
                "bin/phpcs",
                "bin/phpcbf"
            ],
            "type": "library",
            "extra": {
                "branch-alias": {
                    "dev-master": "3.x-dev"
                }
            },
            "notification-url": "https://packagist.org/downloads/",
            "license": [
                "BSD-3-Clause"
            ],
            "authors": [
                {
                    "name": "Greg Sherwood",
                    "role": "lead"
                }
            ],
            "description": "PHP_CodeSniffer tokenizes PHP, JavaScript and CSS files and detects violations of a defined set of coding standards.",
            "homepage": "https://github.com/squizlabs/PHP_CodeSniffer",
            "keywords": [
                "phpcs",
                "standards"
            ],
            "time": "2019-12-04T04:46:47+00:00"
        },
        {
            "name": "wp-coding-standards/wpcs",
            "version": "2.2.0",
            "source": {
                "type": "git",
                "url": "https://github.com/WordPress/WordPress-Coding-Standards.git",
                "reference": "f90e8692ce97b693633db7ab20bfa78d930f536a"
            },
            "dist": {
                "type": "zip",
                "url": "https://api.github.com/repos/WordPress/WordPress-Coding-Standards/zipball/f90e8692ce97b693633db7ab20bfa78d930f536a",
                "reference": "f90e8692ce97b693633db7ab20bfa78d930f536a",
                "shasum": ""
            },
            "require": {
                "php": ">=5.4",
                "squizlabs/php_codesniffer": "^3.3.1"
            },
            "require-dev": {
                "dealerdirect/phpcodesniffer-composer-installer": "^0.5.0",
                "phpcompatibility/php-compatibility": "^9.0",
                "phpunit/phpunit": "^4.0 || ^5.0 || ^6.0 || ^7.0"
            },
            "suggest": {
                "dealerdirect/phpcodesniffer-composer-installer": "^0.5.0 || This Composer plugin will sort out the PHPCS 'installed_paths' automatically."
            },
            "type": "phpcodesniffer-standard",
            "notification-url": "https://packagist.org/downloads/",
            "license": [
                "MIT"
            ],
            "authors": [
                {
                    "name": "Contributors",
                    "homepage": "https://github.com/WordPress/WordPress-Coding-Standards/graphs/contributors"
                }
            ],
            "description": "PHP_CodeSniffer rules (sniffs) to enforce WordPress coding conventions",
            "keywords": [
                "phpcs",
                "standards",
                "wordpress"
            ],
            "time": "2019-11-11T12:34:03+00:00"
        }
    ],
    "aliases": [],
    "minimum-stability": "dev",
    "stability-flags": {
        "automattic/jetpack-sync": 20
    },
    "prefer-stable": true,
    "prefer-lowest": false,
    "platform": {
        "ext-fileinfo": "*",
        "ext-json": "*",
        "ext-openssl": "*"
    },
    "platform-dev": []
}
