{
    "_readme": [
        "This file locks the dependencies of your project to a known state",
        "Read more about it at https://getcomposer.org/doc/01-basic-usage.md#installing-dependencies",
        "This file is @generated automatically"
    ],
    "content-hash": "c09d9b77fbe174fad981ff2c454e926b",
    "packages": [
        {
            "name": "automattic/jetpack-assets",
            "version": "dev-add/jetpack-compat-package",
            "dist": {
                "type": "path",
                "url": "./packages/assets",
                "reference": "e93b5911e77ff0abfad498e99edbb5f6a8a124a9"
            },
            "require": {
                "automattic/jetpack-constants": "@dev"
            },
            "require-dev": {
                "php-mock/php-mock": "^2.1",
                "phpunit/phpunit": "^5.7 || ^6.5 || ^7.5"
            },
            "type": "library",
            "autoload": {
                "psr-4": {
                    "Automattic\\Jetpack\\": "src/"
                }
            },
            "scripts": {
                "phpunit": [
                    "@composer install",
                    "./vendor/phpunit/phpunit/phpunit --colors=always"
                ]
            },
            "license": [
                "GPL-2.0-or-later"
            ],
            "description": "Asset management utilities for Jetpack ecosystem packages"
        },
        {
            "name": "automattic/jetpack-autoloader",
            "version": "dev-add/jetpack-compat-package",
            "dist": {
                "type": "path",
                "url": "./packages/autoloader",
                "reference": "43bb413915e6aad7e4a088490cb76d72df22a8fb"
            },
            "require": {
                "composer-plugin-api": "^1.1"
            },
            "require-dev": {
                "phpunit/phpunit": "^5.7 || ^6.5 || ^7.5"
            },
            "type": "composer-plugin",
            "extra": {
                "class": "Automattic\\Jetpack\\Autoloader\\CustomAutoloaderPlugin"
            },
            "autoload": {
                "psr-4": {
                    "Automattic\\Jetpack\\Autoloader\\": "src"
                }
            },
            "scripts": {
                "phpunit": [
                    "@composer install",
                    "./vendor/phpunit/phpunit/phpunit --colors=always"
                ]
            },
            "license": [
                "GPL-2.0-or-later"
            ],
            "description": "Creates a custom autoloader for a plugin or theme."
        },
        {
            "name": "automattic/jetpack-compat",
            "version": "dev-add/jetpack-compat-package",
            "dist": {
                "type": "path",
                "url": "./packages/compat",
                "reference": "cd47566548267b29b0df1574a7c6be67de9c5cc9"
            },
            "require-dev": {
                "php-mock/php-mock": "^2.1",
                "phpunit/phpunit": "^5.7 || ^6.5 || ^7.5"
            },
            "type": "library",
            "autoload": {
                "files": [
                    "functions.php"
                ],
                "classmap": [
                    "legacy"
                ]
            },
            "scripts": {
                "phpunit": [
                    "@composer install",
                    "./vendor/phpunit/phpunit/phpunit --colors=always"
                ]
            },
            "license": [
                "GPL-2.0-or-later"
            ],
            "description": "Compatibility layer with previous versions of Jetpack"
        },
        {
            "name": "automattic/jetpack-connection",
            "version": "dev-add/jetpack-compat-package",
            "dist": {
                "type": "path",
                "url": "./packages/connection",
                "reference": "0a0e293d73c17d59376590d56e5667b169d26877"
            },
            "require": {
                "automattic/jetpack-constants": "@dev",
                "automattic/jetpack-options": "@dev"
            },
            "require-dev": {
                "php-mock/php-mock": "^2.1",
                "phpunit/phpunit": "^5.7 || ^6.5 || ^7.5"
            },
            "type": "library",
            "autoload": {
                "psr-4": {
                    "Automattic\\Jetpack\\Connection\\": "src"
                },
                "classmap": [
                    "legacy"
                ]
            },
            "scripts": {
                "phpunit": [
                    "@composer install",
                    "./vendor/phpunit/phpunit/phpunit --colors=always"
                ]
            },
            "license": [
                "GPL-2.0-or-later"
            ],
            "description": "Everything needed to connect to the Jetpack infrastructure"
        },
        {
            "name": "automattic/jetpack-constants",
            "version": "dev-add/jetpack-compat-package",
            "dist": {
                "type": "path",
                "url": "./packages/constants",
                "reference": "a6ab6360f4b48962ec7d62b06b39d1470b1dbe95"
            },
            "require-dev": {
                "phpunit/phpunit": "^5.7 || ^6.5 || ^7.5"
            },
            "type": "library",
            "autoload": {
                "psr-4": {
                    "Automattic\\Jetpack\\": "src/"
                }
            },
            "scripts": {
                "phpunit": [
                    "@composer install",
                    "./vendor/phpunit/phpunit/phpunit --colors=always"
                ]
            },
            "license": [
                "GPL-2.0-or-later"
            ],
            "description": "A wrapper for defining constants in a more testable way."
        },
        {
            "name": "automattic/jetpack-jitm",
            "version": "dev-add/jetpack-compat-package",
            "dist": {
                "type": "path",
                "url": "./packages/jitm",
                "reference": "b0c2da6ce6a0137f3a1895ab82a93ad7769fddca"
            },
            "require": {
                "automattic/jetpack-assets": "@dev",
                "automattic/jetpack-connection": "@dev",
                "automattic/jetpack-constants": "@dev",
                "automattic/jetpack-logo": "@dev",
                "automattic/jetpack-options": "@dev",
                "automattic/jetpack-tracking": "@dev"
            },
            "require-dev": {
                "mockery/mockery": "^1.2",
                "php-mock/php-mock": "^2.1",
                "phpunit/phpunit": "^5.7 || ^6.5 || ^7.5"
            },
            "type": "library",
            "autoload": {
                "psr-4": {
                    "Automattic\\Jetpack\\": "src/"
                }
            },
            "scripts": {
                "phpunit": [
                    "@composer install",
                    "./vendor/phpunit/phpunit/phpunit --colors=always"
                ]
            },
            "license": [
                "GPL-2.0-or-later"
            ],
            "description": "Just in time messages for Jetpack"
        },
        {
            "name": "automattic/jetpack-logo",
            "version": "dev-add/jetpack-compat-package",
            "dist": {
                "type": "path",
                "url": "./packages/logo",
                "reference": "d8a31dfd40166c4867fa2c526a03d9df481d5610"
            },
            "require-dev": {
                "php-mock/php-mock": "^2.1",
                "phpunit/phpunit": "^5.7 || ^6.5 || ^7.5"
            },
            "type": "library",
            "autoload": {
                "psr-4": {
                    "Automattic\\Jetpack\\Assets\\": "src/"
                }
            },
            "scripts": {
                "phpunit": [
                    "@composer install",
                    "./vendor/phpunit/phpunit/phpunit --colors=always"
                ]
            },
            "license": [
                "GPL-2.0-or-later"
            ],
            "description": "A logo for Jetpack"
        },
        {
            "name": "automattic/jetpack-options",
            "version": "dev-add/jetpack-compat-package",
            "dist": {
                "type": "path",
                "url": "./packages/options",
                "reference": "78220bf7d3c1a3a5ed4edb77462e84982b3c408f"
            },
            "require": {
                "automattic/jetpack-constants": "@dev"
            },
            "require-dev": {
                "10up/wp_mock": "0.4.2",
                "phpunit/phpunit": "7.*.*"
            },
            "type": "library",
            "autoload": {
                "classmap": [
                    "legacy"
                ]
            },
            "license": [
                "GPL-2.0-or-later"
            ],
            "description": "A wrapper for wp-options to manage specific Jetpack options."
        },
        {
            "name": "automattic/jetpack-sync",
            "version": "dev-add/jetpack-compat-package",
            "dist": {
                "type": "path",
                "url": "./packages/sync",
                "reference": "b0d6e62ff20115d1ef5575ff46940fcbdb4bd2b0"
            },
            "require": {
                "automattic/jetpack-constants": "@dev",
                "automattic/jetpack-options": "@dev"
            },
            "type": "library",
            "autoload": {
                "psr-4": {
                    "Automattic\\Jetpack\\Sync\\": "src/",
                    "Automattic\\Jetpack\\Sync\\Modules\\": "src/modules/"
                }
            },
            "license": [
                "GPL-2.0-or-later"
            ],
            "description": "Everything needed to allow syncing to the WP.com infrastructure."
        },
        {
            "name": "automattic/jetpack-tracking",
            "version": "dev-add/jetpack-compat-package",
            "dist": {
                "type": "path",
                "url": "./packages/tracking",
                "reference": "b2c79c42a8ccd728db9450818aa95fd6d51afc85"
            },
            "require": {
                "automattic/jetpack-options": "@dev"
            },
            "require-dev": {
                "php-mock/php-mock": "^2.1",
                "phpunit/phpunit": "^5.7 || ^6.5 || ^7.5"
            },
            "type": "library",
            "autoload": {
                "psr-4": {
                    "Automattic\\Jetpack\\": "src/"
                },
                "classmap": [
                    "legacy"
                ]
            },
            "scripts": {
                "phpunit": [
                    "@composer install",
                    "./vendor/phpunit/phpunit/phpunit --colors=always"
                ]
            },
            "license": [
                "GPL-2.0-or-later"
            ],
            "description": "Tracking for Jetpack"
        }
    ],
    "packages-dev": [
        {
            "name": "dealerdirect/phpcodesniffer-composer-installer",
            "version": "v0.5.0",
            "source": {
                "type": "git",
                "url": "https://github.com/Dealerdirect/phpcodesniffer-composer-installer.git",
                "reference": "e749410375ff6fb7a040a68878c656c2e610b132"
            },
            "dist": {
                "type": "zip",
                "url": "https://api.github.com/repos/Dealerdirect/phpcodesniffer-composer-installer/zipball/e749410375ff6fb7a040a68878c656c2e610b132",
                "reference": "e749410375ff6fb7a040a68878c656c2e610b132",
                "shasum": ""
            },
            "require": {
                "composer-plugin-api": "^1.0",
                "php": "^5.3|^7",
                "squizlabs/php_codesniffer": "^2|^3"
            },
            "require-dev": {
                "composer/composer": "*",
                "phpcompatibility/php-compatibility": "^9.0",
                "sensiolabs/security-checker": "^4.1.0"
            },
            "type": "composer-plugin",
            "extra": {
                "class": "Dealerdirect\\Composer\\Plugin\\Installers\\PHPCodeSniffer\\Plugin"
            },
            "autoload": {
                "psr-4": {
                    "Dealerdirect\\Composer\\Plugin\\Installers\\PHPCodeSniffer\\": "src/"
                }
            },
            "notification-url": "https://packagist.org/downloads/",
            "license": [
                "MIT"
            ],
            "authors": [
                {
                    "name": "Franck Nijhof",
                    "email": "franck.nijhof@dealerdirect.com",
                    "homepage": "http://www.frenck.nl",
                    "role": "Developer / IT Manager"
                }
            ],
            "description": "PHP_CodeSniffer Standards Composer Installer Plugin",
            "homepage": "http://www.dealerdirect.com",
            "keywords": [
                "PHPCodeSniffer",
                "PHP_CodeSniffer",
                "code quality",
                "codesniffer",
                "composer",
                "installer",
                "phpcs",
                "plugin",
                "qa",
                "quality",
                "standard",
                "standards",
                "style guide",
                "stylecheck",
                "tests"
            ],
            "time": "2018-10-26T13:21:45+00:00"
        },
        {
            "name": "phpcompatibility/php-compatibility",
            "version": "9.1.1",
            "source": {
                "type": "git",
                "url": "https://github.com/PHPCompatibility/PHPCompatibility.git",
                "reference": "2b63c5d284ab8857f7b1d5c240ddb507a6b2293c"
            },
            "dist": {
                "type": "zip",
                "url": "https://api.github.com/repos/PHPCompatibility/PHPCompatibility/zipball/2b63c5d284ab8857f7b1d5c240ddb507a6b2293c",
                "reference": "2b63c5d284ab8857f7b1d5c240ddb507a6b2293c",
                "shasum": ""
            },
            "require": {
                "php": ">=5.3",
                "squizlabs/php_codesniffer": "^2.3 || ^3.0.2"
            },
            "conflict": {
                "squizlabs/php_codesniffer": "2.6.2"
            },
            "require-dev": {
                "phpunit/phpunit": "~4.5 || ^5.0 || ^6.0 || ^7.0"
            },
            "suggest": {
                "dealerdirect/phpcodesniffer-composer-installer": "^0.4.3 || This Composer plugin will sort out the PHPCS 'installed_paths' automatically.",
                "roave/security-advisories": "dev-master || Helps prevent installing dependencies with known security issues."
            },
            "type": "phpcodesniffer-standard",
            "notification-url": "https://packagist.org/downloads/",
            "license": [
                "LGPL-3.0-or-later"
            ],
            "authors": [
                {
                    "name": "Contributors",
                    "homepage": "https://github.com/PHPCompatibility/PHPCompatibility/graphs/contributors"
                },
                {
                    "name": "Wim Godden",
                    "homepage": "https://github.com/wimg",
                    "role": "lead"
                },
                {
                    "name": "Juliette Reinders Folmer",
                    "homepage": "https://github.com/jrfnl",
                    "role": "lead"
                }
            ],
            "description": "A set of sniffs for PHP_CodeSniffer that checks for PHP cross-version compatibility.",
            "homepage": "http://techblog.wimgodden.be/tag/codesniffer/",
            "keywords": [
                "compatibility",
                "phpcs",
                "standards"
            ],
            "time": "2018-12-30T23:16:27+00:00"
        },
        {
            "name": "phpcompatibility/phpcompatibility-paragonie",
            "version": "1.0.1",
            "source": {
                "type": "git",
                "url": "https://github.com/PHPCompatibility/PHPCompatibilityParagonie.git",
                "reference": "9160de79fcd683b5c99e9c4133728d91529753ea"
            },
            "dist": {
                "type": "zip",
                "url": "https://api.github.com/repos/PHPCompatibility/PHPCompatibilityParagonie/zipball/9160de79fcd683b5c99e9c4133728d91529753ea",
                "reference": "9160de79fcd683b5c99e9c4133728d91529753ea",
                "shasum": ""
            },
            "require": {
                "phpcompatibility/php-compatibility": "^9.0"
            },
            "require-dev": {
                "dealerdirect/phpcodesniffer-composer-installer": "^0.4.4"
            },
            "suggest": {
                "dealerdirect/phpcodesniffer-composer-installer": "^0.4.4 || This Composer plugin will sort out the PHP_CodeSniffer 'installed_paths' automatically.",
                "roave/security-advisories": "dev-master || Helps prevent installing dependencies with known security issues."
            },
            "type": "phpcodesniffer-standard",
            "notification-url": "https://packagist.org/downloads/",
            "license": [
                "LGPL-3.0-or-later"
            ],
            "authors": [
                {
                    "name": "Wim Godden",
                    "role": "lead"
                },
                {
                    "name": "Juliette Reinders Folmer",
                    "role": "lead"
                }
            ],
            "description": "A set of rulesets for PHP_CodeSniffer to check for PHP cross-version compatibility issues in projects, while accounting for polyfills provided by the Paragonie polyfill libraries.",
            "homepage": "http://phpcompatibility.com/",
            "keywords": [
                "compatibility",
                "paragonie",
                "phpcs",
                "polyfill",
                "standards"
            ],
            "time": "2018-12-16T19:10:44+00:00"
        },
        {
            "name": "phpcompatibility/phpcompatibility-wp",
            "version": "2.0.0",
            "source": {
                "type": "git",
                "url": "https://github.com/PHPCompatibility/PHPCompatibilityWP.git",
                "reference": "cb303f0067cd5b366a41d4fb0e254fb40ff02efd"
            },
            "dist": {
                "type": "zip",
                "url": "https://api.github.com/repos/PHPCompatibility/PHPCompatibilityWP/zipball/cb303f0067cd5b366a41d4fb0e254fb40ff02efd",
                "reference": "cb303f0067cd5b366a41d4fb0e254fb40ff02efd",
                "shasum": ""
            },
            "require": {
                "phpcompatibility/php-compatibility": "^9.0",
                "phpcompatibility/phpcompatibility-paragonie": "^1.0"
            },
            "require-dev": {
                "dealerdirect/phpcodesniffer-composer-installer": "^0.4.3"
            },
            "suggest": {
                "dealerdirect/phpcodesniffer-composer-installer": "^0.4.3 || This Composer plugin will sort out the PHP_CodeSniffer 'installed_paths' automatically.",
                "roave/security-advisories": "dev-master || Helps prevent installing dependencies with known security issues."
            },
            "type": "phpcodesniffer-standard",
            "notification-url": "https://packagist.org/downloads/",
            "license": [
                "LGPL-3.0-or-later"
            ],
            "authors": [
                {
                    "name": "Wim Godden",
                    "role": "lead"
                },
                {
                    "name": "Juliette Reinders Folmer",
                    "role": "lead"
                }
            ],
            "description": "A ruleset for PHP_CodeSniffer to check for PHP cross-version compatibility issues in projects, while accounting for polyfills provided by WordPress.",
            "homepage": "http://phpcompatibility.com/",
            "keywords": [
                "compatibility",
                "phpcs",
                "standards",
                "wordpress"
            ],
            "time": "2018-10-07T18:31:37+00:00"
        },
        {
            "name": "sirbrillig/phpcs-variable-analysis",
            "version": "v2.6.4",
            "source": {
                "type": "git",
                "url": "https://github.com/sirbrillig/phpcs-variable-analysis.git",
                "reference": "fd217f2077fbcc287aded2b52147e68d208ace4b"
            },
            "dist": {
                "type": "zip",
                "url": "https://api.github.com/repos/sirbrillig/phpcs-variable-analysis/zipball/fd217f2077fbcc287aded2b52147e68d208ace4b",
                "reference": "fd217f2077fbcc287aded2b52147e68d208ace4b",
                "shasum": ""
            },
            "require": {
                "php": ">=5.6.0"
            },
            "require-dev": {
                "dealerdirect/phpcodesniffer-composer-installer": "^0.4.4",
                "limedeck/phpunit-detailed-printer": "^3.1",
                "phpunit/phpunit": "^6.5",
                "sirbrillig/phpcs-import-detection": "^1.1",
                "squizlabs/php_codesniffer": "^3.1"
            },
            "type": "phpcodesniffer-standard",
            "autoload": {
                "psr-4": {
                    "VariableAnalysis\\": "VariableAnalysis/"
                }
            },
            "notification-url": "https://packagist.org/downloads/",
            "license": [
                "BSD-2-Clause"
            ],
            "authors": [
                {
                    "name": "Payton Swick",
                    "email": "payton@foolord.com"
                },
                {
                    "name": "Sam Graham",
                    "email": "php-codesniffer-variableanalysis@illusori.co.uk"
                }
            ],
            "description": "A PHPCS sniff to detect problems with variables.",
            "time": "2019-05-10T21:08:30+00:00"
        },
        {
            "name": "squizlabs/php_codesniffer",
            "version": "3.4.2",
            "source": {
                "type": "git",
                "url": "https://github.com/squizlabs/PHP_CodeSniffer.git",
                "reference": "b8a7362af1cc1aadb5bd36c3defc4dda2cf5f0a8"
            },
            "dist": {
                "type": "zip",
                "url": "https://api.github.com/repos/squizlabs/PHP_CodeSniffer/zipball/b8a7362af1cc1aadb5bd36c3defc4dda2cf5f0a8",
                "reference": "b8a7362af1cc1aadb5bd36c3defc4dda2cf5f0a8",
                "shasum": ""
            },
            "require": {
                "ext-simplexml": "*",
                "ext-tokenizer": "*",
                "ext-xmlwriter": "*",
                "php": ">=5.4.0"
            },
            "require-dev": {
                "phpunit/phpunit": "^4.0 || ^5.0 || ^6.0 || ^7.0"
            },
            "bin": [
                "bin/phpcs",
                "bin/phpcbf"
            ],
            "type": "library",
            "extra": {
                "branch-alias": {
                    "dev-master": "3.x-dev"
                }
            },
            "notification-url": "https://packagist.org/downloads/",
            "license": [
                "BSD-3-Clause"
            ],
            "authors": [
                {
                    "name": "Greg Sherwood",
                    "role": "lead"
                }
            ],
            "description": "PHP_CodeSniffer tokenizes PHP, JavaScript and CSS files and detects violations of a defined set of coding standards.",
            "homepage": "https://github.com/squizlabs/PHP_CodeSniffer",
            "keywords": [
                "phpcs",
                "standards"
            ],
            "time": "2019-04-10T23:49:02+00:00"
        },
        {
            "name": "wp-coding-standards/wpcs",
            "version": "2.1.1",
            "source": {
                "type": "git",
                "url": "https://github.com/WordPress-Coding-Standards/WordPress-Coding-Standards.git",
                "reference": "bd9c33152115e6741e3510ff7189605b35167908"
            },
            "dist": {
                "type": "zip",
                "url": "https://api.github.com/repos/WordPress-Coding-Standards/WordPress-Coding-Standards/zipball/bd9c33152115e6741e3510ff7189605b35167908",
                "reference": "bd9c33152115e6741e3510ff7189605b35167908",
                "shasum": ""
            },
            "require": {
                "php": ">=5.4",
                "squizlabs/php_codesniffer": "^3.3.1"
            },
            "require-dev": {
                "dealerdirect/phpcodesniffer-composer-installer": "^0.5.0",
                "phpcompatibility/php-compatibility": "^9.0",
                "phpunit/phpunit": "^4.0 || ^5.0 || ^6.0 || ^7.0"
            },
            "suggest": {
                "dealerdirect/phpcodesniffer-composer-installer": "^0.5.0 || This Composer plugin will sort out the PHPCS 'installed_paths' automatically."
            },
            "type": "phpcodesniffer-standard",
            "notification-url": "https://packagist.org/downloads/",
            "license": [
                "MIT"
            ],
            "authors": [
                {
                    "name": "Contributors",
                    "homepage": "https://github.com/WordPress-Coding-Standards/WordPress-Coding-Standards/graphs/contributors"
                }
            ],
            "description": "PHP_CodeSniffer rules (sniffs) to enforce WordPress coding conventions",
            "keywords": [
                "phpcs",
                "standards",
                "wordpress"
            ],
            "time": "2019-05-21T02:50:00+00:00"
        }
    ],
    "aliases": [],
    "minimum-stability": "dev",
    "stability-flags": {
        "automattic/jetpack-connection": 20,
        "automattic/jetpack-options": 20,
        "automattic/jetpack-logo": 20,
        "automattic/jetpack-constants": 20,
        "automattic/jetpack-jitm": 20,
        "automattic/jetpack-assets": 20,
        "automattic/jetpack-sync": 20,
        "automattic/jetpack-tracking": 20,
        "automattic/jetpack-autoloader": 20,
        "automattic/jetpack-compat": 20
    },
    "prefer-stable": true,
    "prefer-lowest": false,
    "platform": {
        "ext-openssl": "*"
    },
    "platform-dev": []
}
