{
    "_readme": [
        "This file locks the dependencies of your project to a known state",
        "Read more about it at https://getcomposer.org/doc/01-basic-usage.md#composer-lock-the-lock-file",
        "This file is @generated automatically"
    ],
    "hash": "08219b21ec9263882c3806458c95c8aa",
    "content-hash": "eea6f6ddb095b6afe7471d97ae8b2fa4",
    "packages": [
        {
            "name": "automattic/at-pressable-podcasting",
            "version": "v1.0.0",
            "source": {
                "type": "git",
                "url": "https://github.com/automattic/at-pressable-podcasting.git",
                "reference": "a6823ef7151ac8262868a4b2b33702d6250cc251"
            },
            "dist": {
                "type": "zip",
                "url": "https://api.github.com/repos/automattic/at-pressable-podcasting/zipball/a6823ef7151ac8262868a4b2b33702d6250cc251",
                "reference": "a6823ef7151ac8262868a4b2b33702d6250cc251",
                "shasum": ""
            },
            "type": "library",
            "autoload": {
                "files": [
                    "podcasting.php"
                ]
            },
            "time": "2017-05-09 20:06:20"
        },
        {
            "name": "automattic/custom-fonts",
            "version": "v1.0.1",
            "source": {
                "type": "git",
                "url": "https://github.com/Automattic/custom-fonts.git",
                "reference": "2804fb54f39d8447365490d7a7cdf83b3679d358"
            },
            "dist": {
                "type": "zip",
                "url": "https://api.github.com/repos/Automattic/custom-fonts/zipball/2804fb54f39d8447365490d7a7cdf83b3679d358",
                "reference": "2804fb54f39d8447365490d7a7cdf83b3679d358",
                "shasum": ""
            },
            "require-dev": {
                "10up/wp_mock": "dev-master"
            },
            "type": "library",
            "autoload": {
                "files": [
                    "custom-fonts.php"
                ]
            },
            "time": "2017-06-12 21:39:47"
        },
        {
            "name": "automattic/custom-fonts-typekit",
            "version": "v1.0.3",
            "source": {
                "type": "git",
                "url": "https://github.com/Automattic/custom-fonts-typekit.git",
                "reference": "a369939b5c98cfce0f9f350e054ed1d4b0ef9c34"
            },
            "dist": {
                "type": "zip",
                "url": "https://api.github.com/repos/Automattic/custom-fonts-typekit/zipball/a369939b5c98cfce0f9f350e054ed1d4b0ef9c34",
                "reference": "a369939b5c98cfce0f9f350e054ed1d4b0ef9c34",
                "shasum": ""
            },
            "require-dev": {
                "10up/wp_mock": "dev-master"
            },
            "type": "library",
            "autoload": {
                "files": [
                    "custom-fonts-typekit.php"
                ]
            },
            "time": "2017-06-15 16:29:07"
        },
        {
            "name": "automattic/jetpack-social-icons",
            "version": "v1.0.2",
            "source": {
                "type": "git",
                "url": "https://github.com/Automattic/jetpack-social-icons.git",
                "reference": "92f1d6ed991ecafd1aed51adb8d338b260316284"
            },
            "dist": {
                "type": "zip",
                "url": "https://api.github.com/repos/Automattic/jetpack-social-icons/zipball/92f1d6ed991ecafd1aed51adb8d338b260316284",
                "reference": "92f1d6ed991ecafd1aed51adb8d338b260316284",
                "shasum": ""
            },
            "type": "library",
            "autoload": {
                "files": [
                    "jetpack-social-icons-load.php"
                ]
            },
            "time": "2017-07-07 21:45:14"
        },
        {
            "name": "automattic/text-media-widget-styles",
            "version": "v1.0.0",
            "source": {
                "type": "git",
                "url": "https://github.com/Automattic/text-media-widget-styles.git",
                "reference": "f22db278fbfeb6e536935031726be39c63a5b41b"
            },
            "dist": {
                "type": "zip",
                "url": "https://api.github.com/repos/Automattic/text-media-widget-styles/zipball/f22db278fbfeb6e536935031726be39c63a5b41b",
                "reference": "f22db278fbfeb6e536935031726be39c63a5b41b",
                "shasum": ""
            },
            "type": "library",
            "autoload": {
                "files": [
                    "text-media-widget-styles.php"
                ]
            },
            "time": "2017-06-20 23:34:19"
        },
        {
            "name": "woocommerce/wc-api-dev",
            "version": "v0.8.7",
            "source": {
                "type": "git",
                "url": "https://github.com/woocommerce/wc-api-dev.git",
                "reference": "4bd718f4745f2d4687e51363fecfa9b772455827"
            },
            "dist": {
                "type": "zip",
                "url": "https://api.github.com/repos/woocommerce/wc-api-dev/zipball/4bd718f4745f2d4687e51363fecfa9b772455827",
                "reference": "4bd718f4745f2d4687e51363fecfa9b772455827",
                "shasum": ""
            },
            "type": "library",
            "autoload": {
                "files": [
                    "wc-api-dev.php"
                ]
            },
            "time": "2017-09-25 19:37:08"
        }
    ],
    "packages-dev": [],
    "aliases": [],
    "minimum-stability": "stable",
    "stability-flags": [],
    "prefer-stable": false,
    "prefer-lowest": false,
    "platform": [],
    "platform-dev": {
        "php": ">=7.0.0"
    }
}
