{
    "_readme": [
        "This file locks the dependencies of your project to a known state",
        "Read more about it at https://getcomposer.org/doc/01-basic-usage.md#composer-lock-the-lock-file",
        "This file is @generated automatically"
    ],
    "content-hash": "edf4d1b55aa5211fdf078802862fb9f3",
    "packages": [
        {
            "name": "automattic/at-pressable-podcasting",
            "version": "v1.2.4",
            "source": {
                "type": "git",
                "url": "https://github.com/automattic/at-pressable-podcasting.git",
                "reference": "a6b55b23fe55e9f48d112e4c68d4d326087ee5ed"
            },
            "dist": {
                "type": "zip",
                "url": "https://api.github.com/repos/automattic/at-pressable-podcasting/zipball/a6b55b23fe55e9f48d112e4c68d4d326087ee5ed",
                "reference": "a6b55b23fe55e9f48d112e4c68d4d326087ee5ed",
                "shasum": ""
            },
            "type": "library",
            "autoload": {
                "files": [
                    "podcasting.php"
                ]
            },
            "time": "2018-08-03T17:38:22+00:00"
        },
        {
            "name": "automattic/custom-fonts",
            "version": "v1.0.1",
            "source": {
                "type": "git",
                "url": "https://github.com/Automattic/custom-fonts.git",
                "reference": "2804fb54f39d8447365490d7a7cdf83b3679d358"
            },
            "dist": {
                "type": "zip",
                "url": "https://api.github.com/repos/Automattic/custom-fonts/zipball/2804fb54f39d8447365490d7a7cdf83b3679d358",
                "reference": "2804fb54f39d8447365490d7a7cdf83b3679d358",
                "shasum": ""
            },
            "require-dev": {
                "10up/wp_mock": "dev-master"
            },
            "type": "library",
            "autoload": {
                "files": [
                    "custom-fonts.php"
                ]
            },
            "time": "2017-06-12T21:39:47+00:00"
        },
        {
            "name": "automattic/custom-fonts-typekit",
            "version": "v1.0.3",
            "source": {
                "type": "git",
                "url": "https://github.com/Automattic/custom-fonts-typekit.git",
                "reference": "a369939b5c98cfce0f9f350e054ed1d4b0ef9c34"
            },
            "dist": {
                "type": "zip",
                "url": "https://api.github.com/repos/Automattic/custom-fonts-typekit/zipball/a369939b5c98cfce0f9f350e054ed1d4b0ef9c34",
                "reference": "a369939b5c98cfce0f9f350e054ed1d4b0ef9c34",
                "shasum": ""
            },
            "require-dev": {
                "10up/wp_mock": "dev-master"
            },
            "type": "library",
            "autoload": {
                "files": [
                    "custom-fonts-typekit.php"
                ]
            },
            "time": "2017-06-15T16:29:07+00:00"
        },
        {
            "name": "automattic/text-media-widget-styles",
            "version": "v1.0.0",
            "source": {
                "type": "git",
                "url": "https://github.com/Automattic/text-media-widget-styles.git",
                "reference": "f22db278fbfeb6e536935031726be39c63a5b41b"
            },
            "dist": {
                "type": "zip",
                "url": "https://api.github.com/repos/Automattic/text-media-widget-styles/zipball/f22db278fbfeb6e536935031726be39c63a5b41b",
                "reference": "f22db278fbfeb6e536935031726be39c63a5b41b",
                "shasum": ""
            },
            "type": "library",
            "autoload": {
                "files": [
                    "text-media-widget-styles.php"
                ]
            },
            "time": "2017-06-20T23:34:19+00:00"
        },
        {
            "name": "automattic/wc-calypso-bridge",
            "version": "v1.0.0",
            "source": {
                "type": "git",
                "url": "https://github.com/Automattic/wc-calypso-bridge.git",
                "reference": "81b7dc3b8e7af4c3894ac00d48ecad622ee49f8b"
            },
            "dist": {
                "type": "zip",
                "url": "https://api.github.com/repos/Automattic/wc-calypso-bridge/zipball/81b7dc3b8e7af4c3894ac00d48ecad622ee49f8b",
                "reference": "81b7dc3b8e7af4c3894ac00d48ecad622ee49f8b",
                "shasum": ""
            },
            "type": "library",
            "autoload": {
                "files": [
                    "wc-calypso-bridge.php"
                ]
            },
            "time": "2018-10-24T13:34:57+00:00"
        },
        {
            "name": "woocommerce/wc-api-dev",
            "version": "v0.9.9",
            "source": {
                "type": "git",
                "url": "https://github.com/woocommerce/wc-api-dev.git",
                "reference": "22aab27a438d6d0efd56f4cad3ac81dde5413316"
            },
            "dist": {
                "type": "zip",
                "url": "https://api.github.com/repos/woocommerce/wc-api-dev/zipball/22aab27a438d6d0efd56f4cad3ac81dde5413316",
                "reference": "22aab27a438d6d0efd56f4cad3ac81dde5413316",
                "shasum": ""
            },
            "type": "library",
            "autoload": {
                "files": [
                    "wc-api-dev.php"
                ]
            },
            "time": "2018-10-16T18:54:56+00:00"
        }
    ],
    "packages-dev": [],
    "aliases": [],
    "minimum-stability": "stable",
    "stability-flags": [],
    "prefer-stable": false,
    "prefer-lowest": false,
    "platform": [],
    "platform-dev": {
        "php": ">=7.0.0"
    }
}
