{
    "_readme": [
        "This file locks the dependencies of your project to a known state",
        "Read more about it at https://getcomposer.org/doc/01-basic-usage.md#composer-lock-the-lock-file",
        "This file is @generated automatically"
    ],
    "content-hash": "0994cded92d8896aca89383baa54884a",
    "packages": [
        {
            "name": "automattic/at-pressable-podcasting",
            "version": "v1.0.0",
            "source": {
                "type": "git",
                "url": "https://github.com/automattic/at-pressable-podcasting.git",
                "reference": "d26f6d815100f99f7eed9b5e86d560e9fb70b0cf"
            },
            "dist": {
                "type": "zip",
                "url": "https://api.github.com/repos/automattic/at-pressable-podcasting/zipball/d26f6d815100f99f7eed9b5e86d560e9fb70b0cf",
                "reference": "d26f6d815100f99f7eed9b5e86d560e9fb70b0cf",
                "shasum": ""
            },
            "type": "library",
            "autoload": {
                "files": [
                    "podcasting.php"
                ]
            },
            "time": "2017-05-09T20:06:20+00:00"
        }
    ],
    "packages-dev": [],
    "aliases": [],
    "minimum-stability": "stable",
    "stability-flags": [],
    "prefer-stable": false,
    "prefer-lowest": false,
    "platform": [],
    "platform-dev": []
}
