{
    "_readme": [
        "This file locks the dependencies of your project to a known state",
        "Read more about it at https://getcomposer.org/doc/01-basic-usage.md#installing-dependencies",
        "This file is @generated automatically"
    ],
    "content-hash": "6fd4aba86357d7eca41cc0b00d499bbe",
    "packages": [
        {
            "name": "automattic/jetpack-a8c-mc-stats",
            "version": "dev-monorepo",
            "dist": {
                "type": "path",
                "url": "../../packages/a8c-mc-stats",
                "reference": "1d08593d78a33facaa8bfaf9fd823affbe6e00bc"
            },
            "require-dev": {
                "yoast/phpunit-polyfills": "0.2.0"
            },
            "type": "library",
            "autoload": {
                "classmap": [
                    "src/"
                ]
            },
            "scripts": {
                "phpunit": [
                    "@composer install",
                    "./vendor/phpunit/phpunit/phpunit --colors=always"
                ]
            },
            "license": [
                "GPL-2.0-or-later"
            ],
            "description": "Used to record internal usage stats for Automattic. Not visible to site owners.",
            "transport-options": {
                "monorepo": true,
                "relative": true
            }
        },
        {
            "name": "automattic/jetpack-abtest",
            "version": "dev-monorepo",
            "dist": {
                "type": "path",
                "url": "../../packages/abtest",
                "reference": "8670efbcd036bcd3ca002ef30c9b10b5da305ece"
            },
            "require": {
                "automattic/jetpack-connection": "@dev",
                "automattic/jetpack-error": "@dev"
            },
            "require-dev": {
                "automattic/wordbless": "dev-master",
                "yoast/phpunit-polyfills": "0.2.0"
            },
            "type": "library",
            "autoload": {
                "classmap": [
                    "src/"
                ]
            },
            "scripts": {
                "phpunit": [
                    "@composer install",
                    "./vendor/phpunit/phpunit/phpunit --colors=always"
                ],
                "post-update-cmd": [
                    "php -r \"copy('vendor/automattic/wordbless/src/dbless-wpdb.php', 'wordpress/wp-content/db.php');\""
                ]
            },
            "license": [
                "GPL-2.0-or-later"
            ],
            "description": "Provides an interface to the WP.com A/B tests.",
            "transport-options": {
                "monorepo": true,
                "relative": true
            }
        },
        {
            "name": "automattic/jetpack-assets",
            "version": "dev-monorepo",
            "dist": {
                "type": "path",
                "url": "../../packages/assets",
                "reference": "83c4efea93f23e95a3c5fe022df6af61f2d677b0"
            },
            "require": {
                "automattic/jetpack-constants": "@dev"
            },
            "require-dev": {
                "brain/monkey": "2.6.0",
                "yoast/phpunit-polyfills": "0.2.0"
            },
            "type": "library",
            "autoload": {
                "classmap": [
                    "src/"
                ]
            },
            "scripts": {
                "phpunit": [
                    "@composer install",
                    "./vendor/phpunit/phpunit/phpunit --colors=always"
                ]
            },
            "license": [
                "GPL-2.0-or-later"
            ],
            "description": "Asset management utilities for Jetpack ecosystem packages",
            "transport-options": {
                "monorepo": true,
                "relative": true
            }
        },
        {
            "name": "automattic/jetpack-autoloader",
            "version": "dev-monorepo",
            "dist": {
                "type": "path",
                "url": "../../packages/autoloader",
                "reference": "2edd082d6fd3fb04da7adaf1aa971091ee230427"
            },
            "require": {
                "composer-plugin-api": "^1.1 || ^2.0"
            },
            "require-dev": {
                "yoast/phpunit-polyfills": "0.2.0"
            },
            "type": "composer-plugin",
            "extra": {
                "class": "Automattic\\Jetpack\\Autoloader\\CustomAutoloaderPlugin"
            },
            "autoload": {
                "classmap": [
                    "src/AutoloadGenerator.php"
                ],
                "psr-4": {
                    "Automattic\\Jetpack\\Autoloader\\": "src"
                }
            },
            "scripts": {
                "phpunit": [
                    "@composer install",
                    "./vendor/phpunit/phpunit/phpunit --colors=always"
                ]
            },
            "license": [
                "GPL-2.0-or-later"
            ],
            "description": "Creates a custom autoloader for a plugin or theme.",
            "transport-options": {
                "monorepo": true,
                "relative": true
            }
        },
        {
            "name": "automattic/jetpack-backup",
            "version": "dev-monorepo",
            "dist": {
                "type": "path",
                "url": "../../packages/backup",
                "reference": "ed41ee39cb5f8c6a7c9e88964fb566f6495e1452"
            },
            "type": "library",
            "autoload": {
                "files": [
                    "actions.php"
                ],
                "classmap": [
                    "src/"
                ]
            },
            "license": [
                "GPL-2.0-or-later"
            ],
            "description": "Tools to assist with backing up Jetpack sites.",
            "transport-options": {
                "monorepo": true,
                "relative": true
            }
        },
        {
            "name": "automattic/jetpack-blocks",
            "version": "dev-monorepo",
            "dist": {
                "type": "path",
                "url": "../../packages/blocks",
                "reference": "2acf0f44909de65fccb23169bcc7e250fcc6fdea"
            },
            "require-dev": {
                "automattic/wordbless": "dev-master",
                "yoast/phpunit-polyfills": "0.2.0"
            },
            "type": "library",
            "autoload": {
                "classmap": [
                    "src/"
                ]
            },
            "scripts": {
                "phpunit": [
                    "@composer install",
                    "./vendor/phpunit/phpunit/phpunit --colors=always"
                ],
                "post-update-cmd": [
                    "php -r \"copy('vendor/automattic/wordbless/src/dbless-wpdb.php', 'wordpress/wp-content/db.php');\""
                ]
            },
            "license": [
                "GPL-2.0-or-later"
            ],
            "description": "Register and manage blocks within a plugin. Used to manage block registration, enqueues, and more.",
            "transport-options": {
                "monorepo": true,
                "relative": true
            }
        },
        {
            "name": "automattic/jetpack-compat",
            "version": "dev-monorepo",
            "dist": {
                "type": "path",
                "url": "../../packages/compat",
                "reference": "e40c365a6fd6f5481ef2ed83138d470b967f4c89"
            },
            "require-dev": {
                "yoast/phpunit-polyfills": "0.2.0"
            },
            "type": "library",
            "autoload": {
                "files": [
                    "functions.php"
                ],
                "classmap": [
                    "legacy"
                ]
            },
            "scripts": {
                "phpunit": [
                    "@composer install",
                    "./vendor/phpunit/phpunit/phpunit --colors=always"
                ]
            },
            "license": [
                "GPL-2.0-or-later"
            ],
            "description": "Compatibility layer with previous versions of Jetpack",
            "transport-options": {
                "monorepo": true,
                "relative": true
            }
        },
        {
            "name": "automattic/jetpack-config",
            "version": "dev-monorepo",
            "dist": {
                "type": "path",
                "url": "../../packages/config",
                "reference": "1db13d57dfd4e9d830e69fac4942aa38376211ad"
            },
            "type": "library",
            "autoload": {
                "classmap": [
                    "src/"
                ]
            },
            "license": [
                "GPL-2.0-or-later"
            ],
            "description": "Jetpack configuration package that initializes other packages and configures Jetpack's functionality. Can be used as a base for all variants of Jetpack package usage.",
            "transport-options": {
                "monorepo": true,
                "relative": true
            }
        },
        {
            "name": "automattic/jetpack-connection",
            "version": "dev-monorepo",
            "dist": {
                "type": "path",
                "url": "../../packages/connection",
                "reference": "203fa9023e046ec2ea6f1d3a9009117184a69112"
            },
            "require": {
                "automattic/jetpack-constants": "@dev",
                "automattic/jetpack-heartbeat": "@dev",
                "automattic/jetpack-options": "@dev",
                "automattic/jetpack-roles": "@dev",
                "automattic/jetpack-status": "@dev",
                "automattic/jetpack-tracking": "@dev"
            },
            "require-dev": {
                "automattic/wordbless": "@dev",
                "yoast/phpunit-polyfills": "0.2.0"
            },
            "type": "library",
            "autoload": {
                "files": [
                    "legacy/load-ixr.php"
                ],
                "classmap": [
                    "legacy",
                    "src/"
                ]
            },
            "scripts": {
                "phpunit": [
                    "@composer install",
                    "./vendor/phpunit/phpunit/phpunit --colors=always"
                ],
                "post-update-cmd": [
                    "php -r \"copy('vendor/automattic/wordbless/src/dbless-wpdb.php', 'wordpress/wp-content/db.php');\""
                ]
            },
            "license": [
                "GPL-2.0-or-later"
            ],
            "description": "Everything needed to connect to the Jetpack infrastructure",
            "transport-options": {
                "monorepo": true,
                "relative": true
            }
        },
        {
            "name": "automattic/jetpack-constants",
            "version": "dev-monorepo",
            "dist": {
                "type": "path",
                "url": "../../packages/constants",
                "reference": "070778a350eef0084d266986b9662587564a5b9c"
            },
            "require-dev": {
                "brain/monkey": "2.6.0",
                "yoast/phpunit-polyfills": "0.2.0"
            },
            "type": "library",
            "autoload": {
                "classmap": [
                    "src/"
                ]
            },
            "scripts": {
                "phpunit": [
                    "@composer install",
                    "./vendor/phpunit/phpunit/phpunit --colors=always"
                ]
            },
            "license": [
                "GPL-2.0-or-later"
            ],
            "description": "A wrapper for defining constants in a more testable way.",
            "transport-options": {
                "monorepo": true,
                "relative": true
            }
        },
        {
            "name": "automattic/jetpack-device-detection",
            "version": "dev-monorepo",
            "dist": {
                "type": "path",
                "url": "../../packages/device-detection",
                "reference": "b8058e01566b0ab8196a39f2474a33abda6510ff"
            },
            "require-dev": {
                "yoast/phpunit-polyfills": "0.2.0"
            },
            "type": "library",
            "autoload": {
                "classmap": [
                    "src/"
                ]
            },
            "scripts": {
                "phpunit": [
                    "@composer install",
                    "./vendor/phpunit/phpunit/phpunit --colors=always"
                ]
            },
            "license": [
                "GPL-2.0-or-later"
            ],
            "description": "A way to detect device types based on User-Agent header.",
            "transport-options": {
                "monorepo": true,
                "relative": true
            }
        },
        {
            "name": "automattic/jetpack-error",
            "version": "dev-monorepo",
            "dist": {
                "type": "path",
                "url": "../../packages/error",
                "reference": "02a5bb38f6bef01aac2705b2ae4943c5e59e09eb"
            },
            "require-dev": {
                "yoast/phpunit-polyfills": "0.2.0"
            },
            "type": "library",
            "autoload": {
                "classmap": [
                    "src/"
                ]
            },
            "scripts": {
                "phpunit": [
                    "@composer install",
                    "./vendor/phpunit/phpunit/phpunit --colors=always"
                ]
            },
            "license": [
                "GPL-2.0-or-later"
            ],
            "description": "Jetpack Error - a wrapper around WP_Error.",
            "transport-options": {
                "monorepo": true,
                "relative": true
            }
        },
        {
            "name": "automattic/jetpack-heartbeat",
            "version": "dev-monorepo",
            "dist": {
                "type": "path",
                "url": "../../packages/heartbeat",
                "reference": "01e2895d126014e55de60b5a7feb6c481aa3ca43"
            },
            "require": {
                "automattic/jetpack-a8c-mc-stats": "@dev",
                "automattic/jetpack-options": "@dev"
            },
            "require-dev": {
                "yoast/phpunit-polyfills": "0.2.0"
            },
            "type": "library",
            "autoload": {
                "classmap": [
                    "src/"
                ]
            },
            "scripts": {
                "phpunit": [
                    "@composer install",
                    "./vendor/phpunit/phpunit/phpunit --colors=always"
                ]
            },
            "license": [
                "GPL-2.0-or-later"
            ],
            "description": "This adds a cronjob that sends a batch of internal automattic stats to wp.com once a day",
            "transport-options": {
                "monorepo": true,
                "relative": true
            }
        },
        {
            "name": "automattic/jetpack-jitm",
            "version": "dev-monorepo",
            "dist": {
                "type": "path",
                "url": "../../packages/jitm",
                "reference": "41ab6b7430962d7b3b3791902d004d8eaa33df56"
            },
            "require": {
                "automattic/jetpack-assets": "@dev",
                "automattic/jetpack-connection": "@dev",
                "automattic/jetpack-constants": "@dev",
                "automattic/jetpack-logo": "@dev",
                "automattic/jetpack-options": "@dev",
                "automattic/jetpack-partner": "@dev",
                "automattic/jetpack-redirect": "@dev",
                "automattic/jetpack-status": "@dev",
                "automattic/jetpack-tracking": "@dev"
            },
            "require-dev": {
                "brain/monkey": "2.6.0",
                "yoast/phpunit-polyfills": "0.2.0"
            },
            "type": "library",
            "autoload": {
                "classmap": [
                    "src/"
                ]
            },
            "scripts": {
                "phpunit": [
                    "@composer install",
                    "./vendor/phpunit/phpunit/phpunit --colors=always"
                ]
            },
            "license": [
                "GPL-2.0-or-later"
            ],
            "description": "Just in time messages for Jetpack",
            "transport-options": {
                "monorepo": true,
                "relative": true
            }
        },
        {
            "name": "automattic/jetpack-lazy-images",
            "version": "dev-monorepo",
            "dist": {
                "type": "path",
                "url": "../../packages/lazy-images",
                "reference": "21ce65c7d09615d04d65d31cf5af5d898783b5c2"
            },
            "require": {
                "automattic/jetpack-assets": "@dev",
                "automattic/jetpack-constants": "@dev"
            },
            "require-dev": {
                "automattic/wordbless": "dev-master",
                "yoast/phpunit-polyfills": "0.2.0"
            },
            "type": "library",
            "autoload": {
                "classmap": [
                    "src/"
                ]
            },
            "scripts": {
                "phpunit": [
                    "@composer install",
                    "./vendor/phpunit/phpunit/phpunit --colors=always"
                ],
                "post-update-cmd": [
                    "php -r \"copy('vendor/automattic/wordbless/src/dbless-wpdb.php', 'wordpress/wp-content/db.php');\""
                ]
            },
            "license": [
                "GPL-2.0-or-later"
            ],
            "description": "Speed up your site and create a smoother viewing experience by loading images as visitors scroll down the screen, instead of all at once.",
            "transport-options": {
                "monorepo": true,
                "relative": true
            }
        },
        {
            "name": "automattic/jetpack-licensing",
            "version": "dev-monorepo",
            "dist": {
                "type": "path",
                "url": "../../packages/licensing",
                "reference": "e5bb002a1021eded71f0982bcb43e94716021418"
            },
            "require": {
                "automattic/jetpack-connection": "@dev",
                "automattic/jetpack-options": "@dev"
            },
            "require-dev": {
                "automattic/wordbless": "@dev",
                "yoast/phpunit-polyfills": "0.2.0"
            },
            "type": "library",
            "autoload": {
                "classmap": [
                    "src/"
                ]
            },
            "scripts": {
                "phpunit": [
                    "@composer install",
                    "./vendor/phpunit/phpunit/phpunit --colors=always"
                ],
                "post-update-cmd": [
                    "php -r \"copy('vendor/automattic/wordbless/src/dbless-wpdb.php', 'wordpress/wp-content/db.php');\""
                ]
            },
            "license": [
                "GPL-2.0-or-later"
            ],
            "description": "Everything needed to manage Jetpack licenses client-side.",
            "transport-options": {
                "monorepo": true,
                "relative": true
            }
        },
        {
            "name": "automattic/jetpack-logo",
            "version": "dev-monorepo",
            "dist": {
                "type": "path",
                "url": "../../packages/logo",
                "reference": "31ff1db40131c6e44bd06627325eebe3679544b4"
            },
            "require-dev": {
                "yoast/phpunit-polyfills": "0.2.0"
            },
            "type": "library",
            "autoload": {
                "classmap": [
                    "src/"
                ]
            },
            "scripts": {
                "phpunit": [
                    "@composer install",
                    "./vendor/phpunit/phpunit/phpunit --colors=always"
                ]
            },
            "license": [
                "GPL-2.0-or-later"
            ],
            "description": "A logo for Jetpack",
            "transport-options": {
                "monorepo": true,
                "relative": true
            }
        },
        {
            "name": "automattic/jetpack-options",
            "version": "dev-monorepo",
            "dist": {
                "type": "path",
                "url": "../../packages/options",
                "reference": "9fc6459690ce0ff7555a648ebe113c86caa988a3"
            },
            "require": {
                "automattic/jetpack-constants": "@dev"
            },
            "require-dev": {
                "yoast/phpunit-polyfills": "0.2.0"
            },
            "type": "library",
            "autoload": {
                "classmap": [
                    "legacy"
                ]
            },
            "license": [
                "GPL-2.0-or-later"
            ],
            "description": "A wrapper for wp-options to manage specific Jetpack options.",
            "transport-options": {
                "monorepo": true,
                "relative": true
            }
        },
        {
            "name": "automattic/jetpack-partner",
            "version": "dev-monorepo",
            "dist": {
                "type": "path",
                "url": "../../packages/partner",
                "reference": "b2fd078f73a53b77f57e1c559d3ee5e8b5727dfa"
            },
            "require-dev": {
                "brain/monkey": "2.6.0",
                "yoast/phpunit-polyfills": "0.2.0"
            },
            "type": "library",
            "autoload": {
                "classmap": [
                    "src/"
                ]
            },
            "scripts": {
                "phpunit": [
                    "@composer install",
                    "./vendor/phpunit/phpunit/phpunit --colors=always"
                ]
            },
            "license": [
                "GPL-2.0-or-later"
            ],
            "description": "Support functions for Jetpack hosting partners.",
            "transport-options": {
                "monorepo": true,
                "relative": true
            }
        },
        {
            "name": "automattic/jetpack-redirect",
            "version": "dev-monorepo",
            "dist": {
                "type": "path",
                "url": "../../packages/redirect",
                "reference": "738b3794d07c110db4cceb6a53de924a05e510cc"
            },
            "require": {
                "automattic/jetpack-status": "@dev"
            },
            "require-dev": {
                "brain/monkey": "2.6.0",
                "yoast/phpunit-polyfills": "0.2.0"
            },
            "type": "library",
            "autoload": {
                "classmap": [
                    "src/"
                ]
            },
            "scripts": {
                "phpunit": [
                    "@composer install",
                    "./vendor/phpunit/phpunit/phpunit --colors=always"
                ]
            },
            "license": [
                "GPL-2.0-or-later"
            ],
            "description": "Utilities to build URLs to the jetpack.com/redirect/ service",
            "transport-options": {
                "monorepo": true,
                "relative": true
            }
        },
        {
            "name": "automattic/jetpack-roles",
            "version": "dev-monorepo",
            "dist": {
                "type": "path",
                "url": "../../packages/roles",
                "reference": "b7df0ce912638a5c242dd48507f6b0fa43da77b5"
            },
            "require-dev": {
                "brain/monkey": "2.6.0",
                "yoast/phpunit-polyfills": "0.2.0"
            },
            "type": "library",
            "autoload": {
                "classmap": [
                    "src/"
                ]
            },
            "scripts": {
                "phpunit": [
                    "@composer install",
                    "./vendor/phpunit/phpunit/phpunit --colors=always"
                ]
            },
            "license": [
                "GPL-2.0-or-later"
            ],
            "description": "Utilities, related with user roles and capabilities.",
            "transport-options": {
                "monorepo": true,
                "relative": true
            }
        },
        {
            "name": "automattic/jetpack-status",
            "version": "dev-monorepo",
            "dist": {
                "type": "path",
                "url": "../../packages/status",
                "reference": "09f09e1e2907737e261280fb440ce4f76437f956"
            },
            "require-dev": {
                "brain/monkey": "2.6.0",
                "yoast/phpunit-polyfills": "0.2.0"
            },
            "type": "library",
            "autoload": {
                "classmap": [
                    "src/"
                ]
            },
            "scripts": {
                "phpunit": [
                    "@composer install",
                    "./vendor/phpunit/phpunit/phpunit --colors=always"
                ]
            },
            "license": [
                "GPL-2.0-or-later"
            ],
            "description": "Used to retrieve information about the current status of Jetpack and the site overall.",
            "transport-options": {
                "monorepo": true,
                "relative": true
            }
        },
        {
            "name": "automattic/jetpack-sync",
            "version": "dev-monorepo",
            "dist": {
                "type": "path",
                "url": "../../packages/sync",
                "reference": "59dd61ff4b6fae184baae02478df7c068ab095a0"
            },
            "require": {
                "automattic/jetpack-connection": "@dev",
                "automattic/jetpack-constants": "@dev",
                "automattic/jetpack-options": "@dev",
                "automattic/jetpack-roles": "@dev",
                "automattic/jetpack-status": "@dev"
            },
            "type": "library",
            "autoload": {
                "classmap": [
                    "src/"
                ]
            },
            "license": [
                "GPL-2.0-or-later"
            ],
            "description": "Everything needed to allow syncing to the WP.com infrastructure.",
            "transport-options": {
                "monorepo": true,
                "relative": true
            }
        },
        {
            "name": "automattic/jetpack-terms-of-service",
            "version": "dev-monorepo",
            "dist": {
                "type": "path",
                "url": "../../packages/terms-of-service",
                "reference": "3019dbf9cfcea7a1ae437d144d572b633cd800a5"
            },
            "require": {
                "automattic/jetpack-options": "@dev",
                "automattic/jetpack-status": "@dev"
            },
            "require-dev": {
                "brain/monkey": "2.6.0",
                "yoast/phpunit-polyfills": "0.2.0"
            },
            "type": "library",
            "autoload": {
                "classmap": [
                    "src/"
                ]
            },
            "scripts": {
                "phpunit": [
                    "@composer install",
                    "./vendor/phpunit/phpunit/phpunit --colors=always"
                ]
            },
            "license": [
                "GPL-2.0-or-later"
            ],
            "description": "Everything need to manage the terms of service state",
            "transport-options": {
                "monorepo": true,
                "relative": true
            }
        },
        {
            "name": "automattic/jetpack-tracking",
            "version": "dev-monorepo",
            "dist": {
                "type": "path",
                "url": "../../packages/tracking",
                "reference": "ac8ec46470ba078753d4b71760026980a0f07484"
            },
            "require": {
                "automattic/jetpack-options": "@dev",
                "automattic/jetpack-status": "@dev",
                "automattic/jetpack-terms-of-service": "@dev"
            },
            "require-dev": {
                "yoast/phpunit-polyfills": "0.2.0"
            },
            "type": "library",
            "autoload": {
                "classmap": [
                    "legacy",
                    "src/"
                ]
            },
            "scripts": {
                "phpunit": [
                    "@composer install",
                    "./vendor/phpunit/phpunit/phpunit --colors=always"
                ]
            },
            "license": [
                "GPL-2.0-or-later"
            ],
            "description": "Tracking for Jetpack",
            "transport-options": {
                "monorepo": true,
                "relative": true
            }
        },
        {
            "name": "nojimage/twitter-text-php",
            "version": "v3.1.1",
            "source": {
                "type": "git",
                "url": "https://github.com/nojimage/twitter-text-php.git",
                "reference": "7f466b331cebfdd00e3568acaf45f2e90a39a320"
            },
            "dist": {
                "type": "zip",
                "url": "https://api.github.com/repos/nojimage/twitter-text-php/zipball/7f466b331cebfdd00e3568acaf45f2e90a39a320",
                "reference": "7f466b331cebfdd00e3568acaf45f2e90a39a320",
                "shasum": ""
            },
            "require": {
                "ext-intl": "*",
                "ext-mbstring": "*",
                "php": ">=5.3.3"
            },
            "require-dev": {
                "ext-json": "*",
                "phpunit/phpunit": "4.8.*|5.7.*|6.5.*",
                "symfony/yaml": "^2.6.0|^3.4.0|^4.4.0|^5.0.0",
                "twitter/twitter-text": "^3.0.0"
            },
            "type": "library",
            "autoload": {
                "psr-0": {
                    "Twitter\\Text\\": "lib/"
                }
            },
            "notification-url": "https://packagist.org/downloads/",
            "license": [
                "Apache-2.0"
            ],
            "authors": [
                {
                    "name": "Matt Sanford",
                    "email": "matt@mzsanford.com",
                    "homepage": "http://mzsanford.com"
                },
                {
                    "name": "Mike Cochrane",
                    "email": "mikec@mikenz.geek.nz",
                    "homepage": "http://mikenz.geek.nz"
                },
                {
                    "name": "Nick Pope",
                    "email": "git@nickpope.me.uk",
                    "homepage": "http://www.nickpope.me.uk"
                },
                {
                    "name": "Takashi Nojima",
                    "homepage": "http://php-tips.com"
                }
            ],
            "description": "A library of PHP classes that provide auto-linking and extraction of usernames, lists, hashtags and URLs from tweets.",
            "homepage": "https://github.com/nojimage/twitter-text-php",
            "keywords": [
                "autolink",
                "extract",
                "text",
                "twitter"
            ],
            "support": {
                "issues": "https://github.com/nojimage/twitter-text-php/issues",
                "source": "https://github.com/nojimage/twitter-text-php/tree/v3.1.1"
            },
            "time": "2020-09-30T13:30:59+00:00"
        }
    ],
    "packages-dev": [],
    "aliases": [],
    "minimum-stability": "dev",
    "stability-flags": {
        "automattic/jetpack-a8c-mc-stats": 20,
        "automattic/jetpack-abtest": 20,
        "automattic/jetpack-assets": 20,
        "automattic/jetpack-autoloader": 20,
        "automattic/jetpack-backup": 20,
        "automattic/jetpack-blocks": 20,
        "automattic/jetpack-compat": 20,
        "automattic/jetpack-config": 20,
        "automattic/jetpack-connection": 20,
        "automattic/jetpack-constants": 20,
        "automattic/jetpack-device-detection": 20,
        "automattic/jetpack-error": 20,
        "automattic/jetpack-heartbeat": 20,
        "automattic/jetpack-jitm": 20,
        "automattic/jetpack-lazy-images": 20,
        "automattic/jetpack-licensing": 20,
        "automattic/jetpack-logo": 20,
        "automattic/jetpack-options": 20,
        "automattic/jetpack-partner": 20,
        "automattic/jetpack-redirect": 20,
        "automattic/jetpack-roles": 20,
        "automattic/jetpack-status": 20,
        "automattic/jetpack-sync": 20,
        "automattic/jetpack-terms-of-service": 20,
        "automattic/jetpack-tracking": 20
    },
    "prefer-stable": true,
    "prefer-lowest": false,
    "platform": {
        "ext-fileinfo": "*",
        "ext-json": "*",
        "ext-openssl": "*"
    },
    "platform-dev": [],
    "platform-overrides": {
        "ext-intl": "0.0.0"
    },
    "plugin-api-version": "2.0.0"
}
