{
    "_readme": [
        "This file locks the dependencies of your project to a known state",
        "Read more about it at https://getcomposer.org/doc/01-basic-usage.md#installing-dependencies",
        "This file is @generated automatically"
    ],
    "content-hash": "6e9dc94d60987c991771b4298119bcb0",
    "packages": [
        {
            "name": "automattic/jetpack-a8c-mc-stats",
            "version": "dev-monorepo",
            "dist": {
                "type": "path",
                "url": "../../packages/a8c-mc-stats",
                "reference": "cd10280f90bcf38481b19329fc6d91c77eaf7c6a"
            },
            "require-dev": {
                "yoast/phpunit-polyfills": "0.2.0"
            },
            "type": "library",
            "extra": {
                "mirror-repo": "Automattic/jetpack-a8c-mc-stats"
            },
            "autoload": {
                "classmap": [
                    "src/"
                ]
            },
            "scripts": {
                "phpunit": [
                    "@composer install",
                    "./vendor/phpunit/phpunit/phpunit --colors=always"
                ]
            },
            "license": [
                "GPL-2.0-or-later"
            ],
            "description": "Used to record internal usage stats for Automattic. Not visible to site owners.",
            "transport-options": {
                "monorepo": true,
                "relative": true
            }
        },
        {
            "name": "automattic/jetpack-abtest",
            "version": "dev-monorepo",
            "dist": {
                "type": "path",
                "url": "../../packages/abtest",
                "reference": "68f701cfe29f41b42c80765a251cd8a9929fbc9d"
            },
            "require": {
                "automattic/jetpack-connection": "@dev",
                "automattic/jetpack-error": "@dev"
            },
            "require-dev": {
                "automattic/wordbless": "dev-master",
                "yoast/phpunit-polyfills": "0.2.0"
            },
            "type": "library",
            "extra": {
                "mirror-repo": "Automattic/jetpack-abtest"
            },
            "autoload": {
                "classmap": [
                    "src/"
                ]
            },
            "scripts": {
                "phpunit": [
                    "@composer install",
                    "./vendor/phpunit/phpunit/phpunit --colors=always"
                ],
                "post-update-cmd": [
                    "php -r \"copy('vendor/automattic/wordbless/src/dbless-wpdb.php', 'wordpress/wp-content/db.php');\""
                ]
            },
            "license": [
                "GPL-2.0-or-later"
            ],
            "description": "Provides an interface to the WP.com A/B tests.",
            "transport-options": {
                "monorepo": true,
                "relative": true
            }
        },
        {
            "name": "automattic/jetpack-assets",
            "version": "dev-monorepo",
            "dist": {
                "type": "path",
                "url": "../../packages/assets",
                "reference": "ff4ba62b0e6b6c91df44816aafad672cd7297d87"
            },
            "require": {
                "automattic/jetpack-constants": "@dev"
            },
            "require-dev": {
                "brain/monkey": "2.6.0",
                "yoast/phpunit-polyfills": "0.2.0"
            },
            "type": "library",
            "extra": {
                "mirror-repo": "Automattic/jetpack-assets"
            },
            "autoload": {
                "classmap": [
                    "src/"
                ]
            },
            "scripts": {
                "phpunit": [
                    "@composer install",
                    "./vendor/phpunit/phpunit/phpunit --colors=always"
                ]
            },
            "license": [
                "GPL-2.0-or-later"
            ],
            "description": "Asset management utilities for Jetpack ecosystem packages",
            "transport-options": {
                "monorepo": true,
                "relative": true
            }
        },
        {
            "name": "automattic/jetpack-autoloader",
            "version": "dev-monorepo",
            "dist": {
                "type": "path",
                "url": "../../packages/autoloader",
                "reference": "f124e1e6a0cc3bf5940b04909439db5316f0e223"
            },
            "require": {
                "composer-plugin-api": "^1.1 || ^2.0"
            },
            "require-dev": {
                "yoast/phpunit-polyfills": "0.2.0"
            },
            "type": "composer-plugin",
            "extra": {
                "class": "Automattic\\Jetpack\\Autoloader\\CustomAutoloaderPlugin",
                "mirror-repo": "Automattic/jetpack-autoloader"
            },
            "autoload": {
                "classmap": [
                    "src/AutoloadGenerator.php"
                ],
                "psr-4": {
                    "Automattic\\Jetpack\\Autoloader\\": "src"
                }
            },
            "scripts": {
                "phpunit": [
                    "@composer install",
                    "./vendor/phpunit/phpunit/phpunit --colors=always"
                ]
            },
            "license": [
                "GPL-2.0-or-later"
            ],
            "description": "Creates a custom autoloader for a plugin or theme.",
            "transport-options": {
                "monorepo": true,
                "relative": true
            }
        },
        {
            "name": "automattic/jetpack-backup",
            "version": "dev-monorepo",
            "dist": {
                "type": "path",
                "url": "../../packages/backup",
                "reference": "be67003ef388f36c943b7c767865c6ac0dc46ee6"
            },
            "type": "library",
            "extra": {
                "mirror-repo": "Automattic/jetpack-backup"
            },
            "autoload": {
                "files": [
                    "actions.php"
                ],
                "classmap": [
                    "src/"
                ]
            },
            "license": [
                "GPL-2.0-or-later"
            ],
            "description": "Tools to assist with backing up Jetpack sites.",
            "transport-options": {
                "monorepo": true,
                "relative": true
            }
        },
        {
            "name": "automattic/jetpack-blocks",
            "version": "dev-monorepo",
            "dist": {
                "type": "path",
                "url": "../../packages/blocks",
                "reference": "5363c30a2543f49c04ba5f3b8e5aee3b08e101a3"
            },
            "require-dev": {
                "automattic/wordbless": "dev-master",
                "yoast/phpunit-polyfills": "0.2.0"
            },
            "type": "library",
            "extra": {
                "mirror-repo": "Automattic/jetpack-blocks"
            },
            "autoload": {
                "classmap": [
                    "src/"
                ]
            },
            "scripts": {
                "phpunit": [
                    "@composer install",
                    "./vendor/phpunit/phpunit/phpunit --colors=always"
                ],
                "post-update-cmd": [
                    "php -r \"copy('vendor/automattic/wordbless/src/dbless-wpdb.php', 'wordpress/wp-content/db.php');\""
                ]
            },
            "license": [
                "GPL-2.0-or-later"
            ],
            "description": "Register and manage blocks within a plugin. Used to manage block registration, enqueues, and more.",
            "transport-options": {
                "monorepo": true,
                "relative": true
            }
        },
        {
            "name": "automattic/jetpack-compat",
            "version": "dev-monorepo",
            "dist": {
                "type": "path",
                "url": "../../packages/compat",
                "reference": "9d4114aa60acc28bc2cf737fe19b9b34f83a9d52"
            },
            "require-dev": {
                "yoast/phpunit-polyfills": "0.2.0"
            },
            "type": "library",
            "extra": {
                "mirror-repo": "Automattic/jetpack-compat"
            },
            "autoload": {
                "files": [
                    "functions.php"
                ],
                "classmap": [
                    "legacy"
                ]
            },
            "scripts": {
                "phpunit": [
                    "@composer install",
                    "./vendor/phpunit/phpunit/phpunit --colors=always"
                ]
            },
            "license": [
                "GPL-2.0-or-later"
            ],
            "description": "Compatibility layer with previous versions of Jetpack",
            "transport-options": {
                "monorepo": true,
                "relative": true
            }
        },
        {
            "name": "automattic/jetpack-config",
            "version": "dev-monorepo",
            "dist": {
                "type": "path",
                "url": "../../packages/config",
                "reference": "8ad7b4207482fb5e67078bbb996849106815f737"
            },
            "type": "library",
            "extra": {
                "mirror-repo": "Automattic/jetpack-config"
            },
            "autoload": {
                "classmap": [
                    "src/"
                ]
            },
            "license": [
                "GPL-2.0-or-later"
            ],
            "description": "Jetpack configuration package that initializes other packages and configures Jetpack's functionality. Can be used as a base for all variants of Jetpack package usage.",
            "transport-options": {
                "monorepo": true,
                "relative": true
            }
        },
        {
            "name": "automattic/jetpack-connection",
            "version": "dev-monorepo",
            "dist": {
                "type": "path",
                "url": "../../packages/connection",
                "reference": "e40b1ec7bcd963cb361c09753223dcbfdea7bf0e"
            },
            "require": {
                "automattic/jetpack-constants": "@dev",
                "automattic/jetpack-heartbeat": "@dev",
                "automattic/jetpack-options": "@dev",
                "automattic/jetpack-roles": "@dev",
                "automattic/jetpack-status": "@dev",
                "automattic/jetpack-tracking": "@dev"
            },
            "require-dev": {
                "automattic/wordbless": "@dev",
                "yoast/phpunit-polyfills": "0.2.0"
            },
            "type": "library",
            "extra": {
                "mirror-repo": "Automattic/jetpack-connection"
            },
            "autoload": {
                "files": [
                    "legacy/load-ixr.php"
                ],
                "classmap": [
                    "legacy",
                    "src/"
                ]
            },
            "scripts": {
                "phpunit": [
                    "@composer install",
                    "./vendor/phpunit/phpunit/phpunit --colors=always"
                ],
                "post-update-cmd": [
                    "php -r \"copy('vendor/automattic/wordbless/src/dbless-wpdb.php', 'wordpress/wp-content/db.php');\""
                ]
            },
            "license": [
                "GPL-2.0-or-later"
            ],
            "description": "Everything needed to connect to the Jetpack infrastructure",
            "transport-options": {
                "monorepo": true,
                "relative": true
            }
        },
        {
            "name": "automattic/jetpack-constants",
            "version": "dev-monorepo",
            "dist": {
                "type": "path",
                "url": "../../packages/constants",
                "reference": "de55b72a16b71b18f96634941821638f77d8b16c"
            },
            "require-dev": {
                "brain/monkey": "2.6.0",
                "yoast/phpunit-polyfills": "0.2.0"
            },
            "type": "library",
            "extra": {
                "mirror-repo": "Automattic/jetpack-constants"
            },
            "autoload": {
                "classmap": [
                    "src/"
                ]
            },
            "scripts": {
                "phpunit": [
                    "@composer install",
                    "./vendor/phpunit/phpunit/phpunit --colors=always"
                ]
            },
            "license": [
                "GPL-2.0-or-later"
            ],
            "description": "A wrapper for defining constants in a more testable way.",
            "transport-options": {
                "monorepo": true,
                "relative": true
            }
        },
        {
            "name": "automattic/jetpack-device-detection",
            "version": "dev-monorepo",
            "dist": {
                "type": "path",
                "url": "../../packages/device-detection",
                "reference": "150103d688c3882d0c781d587aa5d141b1b584e4"
            },
            "require-dev": {
                "yoast/phpunit-polyfills": "0.2.0"
            },
            "type": "library",
            "extra": {
                "mirror-repo": "Automattic/jetpack-device-detection"
            },
            "autoload": {
                "classmap": [
                    "src/"
                ]
            },
            "scripts": {
                "phpunit": [
                    "@composer install",
                    "./vendor/phpunit/phpunit/phpunit --colors=always"
                ]
            },
            "license": [
                "GPL-2.0-or-later"
            ],
            "description": "A way to detect device types based on User-Agent header.",
            "transport-options": {
                "monorepo": true,
                "relative": true
            }
        },
        {
            "name": "automattic/jetpack-error",
            "version": "dev-monorepo",
            "dist": {
                "type": "path",
                "url": "../../packages/error",
                "reference": "60750c4bf5e4df91e8aa85082824a172225477a4"
            },
            "require-dev": {
                "yoast/phpunit-polyfills": "0.2.0"
            },
            "type": "library",
            "extra": {
                "mirror-repo": "Automattic/jetpack-error"
            },
            "autoload": {
                "classmap": [
                    "src/"
                ]
            },
            "scripts": {
                "phpunit": [
                    "@composer install",
                    "./vendor/phpunit/phpunit/phpunit --colors=always"
                ]
            },
            "license": [
                "GPL-2.0-or-later"
            ],
            "description": "Jetpack Error - a wrapper around WP_Error.",
            "transport-options": {
                "monorepo": true,
                "relative": true
            }
        },
        {
            "name": "automattic/jetpack-heartbeat",
            "version": "dev-monorepo",
            "dist": {
                "type": "path",
                "url": "../../packages/heartbeat",
                "reference": "a9049d7d076cc197c252511edb2d3edd3c3f9b63"
            },
            "require": {
                "automattic/jetpack-a8c-mc-stats": "@dev",
                "automattic/jetpack-options": "@dev"
            },
            "require-dev": {
                "yoast/phpunit-polyfills": "0.2.0"
            },
            "type": "library",
            "extra": {
                "mirror-repo": "Automattic/jetpack-heartbeat"
            },
            "autoload": {
                "classmap": [
                    "src/"
                ]
            },
            "scripts": {
                "phpunit": [
                    "@composer install",
                    "./vendor/phpunit/phpunit/phpunit --colors=always"
                ]
            },
            "license": [
                "GPL-2.0-or-later"
            ],
            "description": "This adds a cronjob that sends a batch of internal automattic stats to wp.com once a day",
            "transport-options": {
                "monorepo": true,
                "relative": true
            }
        },
        {
            "name": "automattic/jetpack-jitm",
            "version": "dev-monorepo",
            "dist": {
                "type": "path",
                "url": "../../packages/jitm",
                "reference": "fb5f7053e83c30915323765b56cffe9d45bd1dcf"
            },
            "require": {
                "automattic/jetpack-assets": "@dev",
                "automattic/jetpack-connection": "@dev",
                "automattic/jetpack-constants": "@dev",
                "automattic/jetpack-logo": "@dev",
                "automattic/jetpack-options": "@dev",
                "automattic/jetpack-partner": "@dev",
                "automattic/jetpack-redirect": "@dev",
                "automattic/jetpack-status": "@dev",
                "automattic/jetpack-tracking": "@dev"
            },
            "require-dev": {
                "brain/monkey": "2.6.0",
                "yoast/phpunit-polyfills": "0.2.0"
            },
            "type": "library",
            "extra": {
                "mirror-repo": "Automattic/jetpack-jitm"
            },
            "autoload": {
                "classmap": [
                    "src/"
                ]
            },
            "scripts": {
                "phpunit": [
                    "@composer install",
                    "./vendor/phpunit/phpunit/phpunit --colors=always"
                ]
            },
            "license": [
                "GPL-2.0-or-later"
            ],
            "description": "Just in time messages for Jetpack",
            "transport-options": {
                "monorepo": true,
                "relative": true
            }
        },
        {
            "name": "automattic/jetpack-lazy-images",
            "version": "dev-monorepo",
            "dist": {
                "type": "path",
                "url": "../../packages/lazy-images",
                "reference": "73e2057b5d03cbd4ee16efc164dfd28ff85a2e5d"
            },
            "require": {
                "automattic/jetpack-assets": "@dev",
                "automattic/jetpack-constants": "@dev"
            },
            "require-dev": {
                "automattic/wordbless": "dev-master",
                "yoast/phpunit-polyfills": "0.2.0"
            },
            "type": "library",
            "extra": {
                "mirror-repo": "Automattic/jetpack-lazy-images"
            },
            "autoload": {
                "classmap": [
                    "src/"
                ]
            },
            "scripts": {
                "build-production": [
                    "Composer\\Config::disableProcessTimeout",
                    "yarn build-production"
                ],
                "phpunit": [
                    "@composer install",
                    "./vendor/phpunit/phpunit/phpunit --colors=always"
                ],
                "post-update-cmd": [
                    "php -r \"copy('vendor/automattic/wordbless/src/dbless-wpdb.php', 'wordpress/wp-content/db.php');\""
                ]
            },
            "license": [
                "GPL-2.0-or-later"
            ],
            "description": "Speed up your site and create a smoother viewing experience by loading images as visitors scroll down the screen, instead of all at once.",
            "transport-options": {
                "monorepo": true,
                "relative": true
            }
        },
        {
            "name": "automattic/jetpack-licensing",
            "version": "dev-monorepo",
            "dist": {
                "type": "path",
                "url": "../../packages/licensing",
                "reference": "7655281de2d6417ad906f1e97b041c58dba388ed"
            },
            "require": {
                "automattic/jetpack-connection": "@dev",
                "automattic/jetpack-options": "@dev"
            },
            "require-dev": {
                "automattic/wordbless": "@dev",
                "yoast/phpunit-polyfills": "0.2.0"
            },
            "type": "library",
            "extra": {
                "mirror-repo": "Automattic/jetpack-licensing"
            },
            "autoload": {
                "classmap": [
                    "src/"
                ]
            },
            "scripts": {
                "phpunit": [
                    "@composer install",
                    "./vendor/phpunit/phpunit/phpunit --colors=always"
                ],
                "post-update-cmd": [
                    "php -r \"copy('vendor/automattic/wordbless/src/dbless-wpdb.php', 'wordpress/wp-content/db.php');\""
                ]
            },
            "license": [
                "GPL-2.0-or-later"
            ],
            "description": "Everything needed to manage Jetpack licenses client-side.",
            "transport-options": {
                "monorepo": true,
                "relative": true
            }
        },
        {
            "name": "automattic/jetpack-logo",
            "version": "dev-monorepo",
            "dist": {
                "type": "path",
                "url": "../../packages/logo",
                "reference": "bc91ee4f55e3d2c04ac2d97232cd69d3c691d043"
            },
            "require-dev": {
                "yoast/phpunit-polyfills": "0.2.0"
            },
            "type": "library",
            "extra": {
                "mirror-repo": "Automattic/jetpack-logo"
            },
            "autoload": {
                "classmap": [
                    "src/"
                ]
            },
            "scripts": {
                "phpunit": [
                    "@composer install",
                    "./vendor/phpunit/phpunit/phpunit --colors=always"
                ]
            },
            "license": [
                "GPL-2.0-or-later"
            ],
            "description": "A logo for Jetpack",
            "transport-options": {
                "monorepo": true,
                "relative": true
            }
        },
        {
            "name": "automattic/jetpack-options",
            "version": "dev-monorepo",
            "dist": {
                "type": "path",
                "url": "../../packages/options",
                "reference": "c8be933ad221139ef1fc676a0b45c706fe8b7a24"
            },
            "require": {
                "automattic/jetpack-constants": "@dev"
            },
            "require-dev": {
                "yoast/phpunit-polyfills": "0.2.0"
            },
            "type": "library",
            "extra": {
                "mirror-repo": "Automattic/jetpack-options"
            },
            "autoload": {
                "classmap": [
                    "legacy"
                ]
            },
            "license": [
                "GPL-2.0-or-later"
            ],
            "description": "A wrapper for wp-options to manage specific Jetpack options.",
            "transport-options": {
                "monorepo": true,
                "relative": true
            }
        },
        {
            "name": "automattic/jetpack-partner",
            "version": "dev-monorepo",
            "dist": {
                "type": "path",
                "url": "../../packages/partner",
                "reference": "28bfc833bb1b9e2364f482eb9b1fe19ba2724354"
            },
            "require-dev": {
                "brain/monkey": "2.6.0",
                "yoast/phpunit-polyfills": "0.2.0"
            },
            "type": "library",
            "extra": {
                "mirror-repo": "Automattic/jetpack-partner"
            },
            "autoload": {
                "classmap": [
                    "src/"
                ]
            },
            "scripts": {
                "phpunit": [
                    "@composer install",
                    "./vendor/phpunit/phpunit/phpunit --colors=always"
                ]
            },
            "license": [
                "GPL-2.0-or-later"
            ],
            "description": "Support functions for Jetpack hosting partners.",
            "transport-options": {
                "monorepo": true,
                "relative": true
            }
        },
        {
            "name": "automattic/jetpack-redirect",
            "version": "dev-monorepo",
            "dist": {
                "type": "path",
                "url": "../../packages/redirect",
                "reference": "5c7599ab85cda352641881cdd5e780b99bbe0bba"
            },
            "require": {
                "automattic/jetpack-status": "@dev"
            },
            "require-dev": {
                "brain/monkey": "2.6.0",
                "yoast/phpunit-polyfills": "0.2.0"
            },
            "type": "library",
            "extra": {
                "mirror-repo": "Automattic/jetpack-redirect"
            },
            "autoload": {
                "classmap": [
                    "src/"
                ]
            },
            "scripts": {
                "phpunit": [
                    "@composer install",
                    "./vendor/phpunit/phpunit/phpunit --colors=always"
                ]
            },
            "license": [
                "GPL-2.0-or-later"
            ],
            "description": "Utilities to build URLs to the jetpack.com/redirect/ service",
            "transport-options": {
                "monorepo": true,
                "relative": true
            }
        },
        {
            "name": "automattic/jetpack-roles",
            "version": "dev-monorepo",
            "dist": {
                "type": "path",
                "url": "../../packages/roles",
                "reference": "6dd361b47db3a1ceb564582038aa5c197e66686c"
            },
            "require-dev": {
                "brain/monkey": "2.6.0",
                "yoast/phpunit-polyfills": "0.2.0"
            },
            "type": "library",
            "extra": {
                "mirror-repo": "Automattic/jetpack-roles"
            },
            "autoload": {
                "classmap": [
                    "src/"
                ]
            },
            "scripts": {
                "phpunit": [
                    "@composer install",
                    "./vendor/phpunit/phpunit/phpunit --colors=always"
                ]
            },
            "license": [
                "GPL-2.0-or-later"
            ],
            "description": "Utilities, related with user roles and capabilities.",
            "transport-options": {
                "monorepo": true,
                "relative": true
            }
        },
        {
            "name": "automattic/jetpack-status",
            "version": "dev-monorepo",
            "dist": {
                "type": "path",
                "url": "../../packages/status",
                "reference": "e9b08716a61c189e068b0ad4149806f4910c3faa"
            },
            "require-dev": {
                "brain/monkey": "2.6.0",
                "yoast/phpunit-polyfills": "0.2.0"
            },
            "type": "library",
            "extra": {
                "mirror-repo": "Automattic/jetpack-status"
            },
            "autoload": {
                "classmap": [
                    "src/"
                ]
            },
            "scripts": {
                "phpunit": [
                    "@composer install",
                    "./vendor/phpunit/phpunit/phpunit --colors=always"
                ]
            },
            "license": [
                "GPL-2.0-or-later"
            ],
            "description": "Used to retrieve information about the current status of Jetpack and the site overall.",
            "transport-options": {
                "monorepo": true,
                "relative": true
            }
        },
        {
            "name": "automattic/jetpack-sync",
            "version": "dev-monorepo",
            "dist": {
                "type": "path",
                "url": "../../packages/sync",
                "reference": "04ffdbcbfaf365588ecb2551d2f220a2dac605a8"
            },
            "require": {
                "automattic/jetpack-connection": "@dev",
                "automattic/jetpack-constants": "@dev",
                "automattic/jetpack-options": "@dev",
                "automattic/jetpack-roles": "@dev",
                "automattic/jetpack-status": "@dev"
            },
            "type": "library",
            "extra": {
                "mirror-repo": "Automattic/jetpack-sync"
            },
            "autoload": {
                "classmap": [
                    "src/"
                ]
            },
            "license": [
                "GPL-2.0-or-later"
            ],
            "description": "Everything needed to allow syncing to the WP.com infrastructure.",
            "transport-options": {
                "monorepo": true,
                "relative": true
            }
        },
        {
            "name": "automattic/jetpack-terms-of-service",
            "version": "dev-monorepo",
            "dist": {
                "type": "path",
                "url": "../../packages/terms-of-service",
                "reference": "777a57eba53092c14477a9f5af40a2f71d34750d"
            },
            "require": {
                "automattic/jetpack-options": "@dev",
                "automattic/jetpack-status": "@dev"
            },
            "require-dev": {
                "brain/monkey": "2.6.0",
                "yoast/phpunit-polyfills": "0.2.0"
            },
            "type": "library",
            "extra": {
                "mirror-repo": "Automattic/jetpack-terms-of-service"
            },
            "autoload": {
                "classmap": [
                    "src/"
                ]
            },
            "scripts": {
                "phpunit": [
                    "@composer install",
                    "./vendor/phpunit/phpunit/phpunit --colors=always"
                ]
            },
            "license": [
                "GPL-2.0-or-later"
            ],
            "description": "Everything need to manage the terms of service state",
            "transport-options": {
                "monorepo": true,
                "relative": true
            }
        },
        {
            "name": "automattic/jetpack-tracking",
            "version": "dev-monorepo",
            "dist": {
                "type": "path",
                "url": "../../packages/tracking",
                "reference": "0bb0deba61f8c8fb5bd3a15ed412003f17fec02d"
            },
            "require": {
                "automattic/jetpack-assets": "@dev",
                "automattic/jetpack-options": "@dev",
                "automattic/jetpack-status": "@dev",
                "automattic/jetpack-terms-of-service": "@dev"
            },
            "require-dev": {
                "yoast/phpunit-polyfills": "0.2.0"
            },
            "type": "library",
            "extra": {
                "mirror-repo": "Automattic/jetpack-tracking"
            },
            "autoload": {
                "classmap": [
                    "legacy",
                    "src/"
                ]
            },
            "scripts": {
                "phpunit": [
                    "@composer install",
                    "./vendor/phpunit/phpunit/phpunit --colors=always"
                ]
            },
            "license": [
                "GPL-2.0-or-later"
            ],
            "description": "Tracking for Jetpack",
            "transport-options": {
                "monorepo": true,
                "relative": true
            }
        },
        {
            "name": "nojimage/twitter-text-php",
            "version": "v3.1.1",
            "source": {
                "type": "git",
                "url": "https://github.com/nojimage/twitter-text-php.git",
                "reference": "7f466b331cebfdd00e3568acaf45f2e90a39a320"
            },
            "dist": {
                "type": "zip",
                "url": "https://api.github.com/repos/nojimage/twitter-text-php/zipball/7f466b331cebfdd00e3568acaf45f2e90a39a320",
                "reference": "7f466b331cebfdd00e3568acaf45f2e90a39a320",
                "shasum": ""
            },
            "require": {
                "ext-intl": "*",
                "ext-mbstring": "*",
                "php": ">=5.3.3"
            },
            "require-dev": {
                "ext-json": "*",
                "phpunit/phpunit": "4.8.*|5.7.*|6.5.*",
                "symfony/yaml": "^2.6.0|^3.4.0|^4.4.0|^5.0.0",
                "twitter/twitter-text": "^3.0.0"
            },
            "type": "library",
            "autoload": {
                "psr-0": {
                    "Twitter\\Text\\": "lib/"
                }
            },
            "notification-url": "https://packagist.org/downloads/",
            "license": [
                "Apache-2.0"
            ],
            "authors": [
                {
                    "name": "Matt Sanford",
                    "email": "matt@mzsanford.com",
                    "homepage": "http://mzsanford.com"
                },
                {
                    "name": "Mike Cochrane",
                    "email": "mikec@mikenz.geek.nz",
                    "homepage": "http://mikenz.geek.nz"
                },
                {
                    "name": "Nick Pope",
                    "email": "git@nickpope.me.uk",
                    "homepage": "http://www.nickpope.me.uk"
                },
                {
                    "name": "Takashi Nojima",
                    "homepage": "http://php-tips.com"
                }
            ],
            "description": "A library of PHP classes that provide auto-linking and extraction of usernames, lists, hashtags and URLs from tweets.",
            "homepage": "https://github.com/nojimage/twitter-text-php",
            "keywords": [
                "autolink",
                "extract",
                "text",
                "twitter"
            ],
            "support": {
                "issues": "https://github.com/nojimage/twitter-text-php/issues",
                "source": "https://github.com/nojimage/twitter-text-php/tree/v3.1.1"
            },
            "time": "2020-09-30T13:30:59+00:00"
        }
    ],
    "packages-dev": [],
    "aliases": [],
    "minimum-stability": "dev",
    "stability-flags": {
        "automattic/jetpack-a8c-mc-stats": 20,
        "automattic/jetpack-abtest": 20,
        "automattic/jetpack-assets": 20,
        "automattic/jetpack-autoloader": 20,
        "automattic/jetpack-backup": 20,
        "automattic/jetpack-blocks": 20,
        "automattic/jetpack-compat": 20,
        "automattic/jetpack-config": 20,
        "automattic/jetpack-connection": 20,
        "automattic/jetpack-constants": 20,
        "automattic/jetpack-device-detection": 20,
        "automattic/jetpack-error": 20,
        "automattic/jetpack-heartbeat": 20,
        "automattic/jetpack-jitm": 20,
        "automattic/jetpack-lazy-images": 20,
        "automattic/jetpack-licensing": 20,
        "automattic/jetpack-logo": 20,
        "automattic/jetpack-options": 20,
        "automattic/jetpack-partner": 20,
        "automattic/jetpack-redirect": 20,
        "automattic/jetpack-roles": 20,
        "automattic/jetpack-status": 20,
        "automattic/jetpack-sync": 20,
        "automattic/jetpack-terms-of-service": 20,
        "automattic/jetpack-tracking": 20
    },
    "prefer-stable": true,
    "prefer-lowest": false,
    "platform": {
        "ext-fileinfo": "*",
        "ext-json": "*",
        "ext-openssl": "*"
    },
    "platform-dev": [],
    "platform-overrides": {
        "ext-intl": "0.0.0"
    },
    "plugin-api-version": "2.0.0"
}
