{
    "_readme": [
        "This file locks the dependencies of your project to a known state",
        "Read more about it at https://getcomposer.org/doc/01-basic-usage.md#installing-dependencies",
        "This file is @generated automatically"
    ],
    "content-hash": "4a4bae30cf55f838d49627f6ebf6b1c4",
    "packages": [
        {
            "name": "automattic/jetpack-a8c-mc-stats",
            "version": "dev-trunk",
            "dist": {
                "type": "path",
                "url": "../../packages/a8c-mc-stats",
                "reference": "48895090b425c307b50fdf77f2c770719e1d3cf4"
            },
            "require": {
                "php": ">=7.2"
            },
            "require-dev": {
                "automattic/phpunit-select-config": "@dev",
                "yoast/phpunit-polyfills": "^4.0.0"
            },
            "suggest": {
                "automattic/jetpack-autoloader": "Allow for better interoperability with other plugins that use this package."
            },
            "type": "jetpack-library",
            "extra": {
                "autotagger": true,
                "mirror-repo": "Automattic/jetpack-a8c-mc-stats",
                "changelogger": {
                    "link-template": "https://github.com/Automattic/jetpack-a8c-mc-stats/compare/v${old}...v${new}"
                },
                "branch-alias": {
                    "dev-trunk": "3.0.x-dev"
                }
            },
            "autoload": {
                "classmap": [
                    "src/"
                ]
            },
            "scripts": {
                "phpunit": [
                    "phpunit-select-config phpunit.#.xml.dist --colors=always"
                ],
                "test-php": [
                    "@composer phpunit"
                ],
                "test-php-coverage": [
                    "php -dpcov.directory=. ./vendor/bin/phpunit-select-config phpunit.#.xml.dist --coverage-php \"$COVERAGE_DIR/php.cov\""
                ]
            },
            "license": [
                "GPL-2.0-or-later"
            ],
            "description": "Used to record internal usage stats for Automattic. Not visible to site owners.",
            "transport-options": {
                "relative": true
            }
        },
        {
            "name": "automattic/jetpack-admin-ui",
            "version": "dev-trunk",
            "dist": {
                "type": "path",
                "url": "../../packages/admin-ui",
                "reference": "96398da45af93491fdd90cea96331e624b42e39e"
            },
            "require": {
                "automattic/jetpack-redirect": "@dev",
                "automattic/jetpack-status": "@dev",
                "php": ">=7.2"
            },
            "require-dev": {
                "automattic/jetpack-connection": "@dev",
                "automattic/jetpack-logo": "@dev",
                "automattic/jetpack-test-environment": "@dev",
                "automattic/phpunit-select-config": "@dev",
                "yoast/phpunit-polyfills": "^4.0.0"
            },
            "suggest": {
                "automattic/jetpack-autoloader": "Allow for better interoperability with other plugins that use this package."
            },
            "type": "jetpack-library",
            "extra": {
                "autotagger": true,
                "mirror-repo": "Automattic/jetpack-admin-ui",
                "textdomain": "jetpack-admin-ui",
                "changelogger": {
                    "link-template": "https://github.com/Automattic/jetpack-admin-ui/compare/${old}...${new}"
                },
                "branch-alias": {
                    "dev-trunk": "0.9.x-dev"
                },
                "dependencies": {
                    "test-only": [
                        "packages/connection"
                    ]
                },
                "version-constants": {
                    "::PACKAGE_VERSION": "src/class-admin-menu.php"
                }
            },
            "autoload": {
                "classmap": [
                    "src/"
                ]
            },
            "scripts": {
                "build-development": [
                    "pnpm run build"
                ],
                "build-production": [
                    "pnpm run build-production"
                ],
                "phpunit": [
                    "phpunit-select-config phpunit.#.xml.dist --colors=always"
                ],
                "test-php": [
                    "@composer phpunit"
                ],
                "test-php-coverage": [
                    "php -dpcov.directory=. ./vendor/bin/phpunit-select-config phpunit.#.xml.dist --coverage-php \"$COVERAGE_DIR/php.cov\""
                ],
                "watch": [
                    "Composer\\Config::disableProcessTimeout",
                    "pnpm run watch"
                ]
            },
            "license": [
                "GPL-2.0-or-later"
            ],
            "description": "Generic Jetpack wp-admin UI elements",
            "transport-options": {
                "relative": true
            }
        },
        {
            "name": "automattic/jetpack-agents-manager",
            "version": "dev-trunk",
            "dist": {
                "type": "path",
                "url": "../../packages/agents-manager",
                "reference": "b4b58a385a26210a56620238aee1779e9373d195"
            },
            "require": {
                "automattic/jetpack-assets": "@dev",
                "automattic/jetpack-connection": "@dev",
                "automattic/jetpack-constants": "@dev",
                "php": ">=7.2"
            },
            "require-dev": {
                "automattic/jetpack-test-environment": "@dev",
                "automattic/phpunit-select-config": "@dev",
                "brain/monkey": "^2.6.2",
                "yoast/phpunit-polyfills": "^4.0.0"
            },
            "suggest": {
                "automattic/jetpack-autoloader": "Allow for better interoperability with other plugins that use this package."
            },
            "type": "jetpack-library",
            "extra": {
                "autorelease": true,
                "autotagger": true,
                "branch-alias": {
                    "dev-trunk": "0.8.x-dev"
                },
                "changelogger": {
                    "link-template": "https://github.com/Automattic/jetpack-agents-manager/compare/v${old}...v${new}"
                },
                "mirror-repo": "Automattic/jetpack-agents-manager",
                "textdomain": "jetpack-agents-manager",
                "version-constants": {
                    "::PACKAGE_VERSION": "src/class-agents-manager.php"
                }
            },
            "autoload": {
                "classmap": [
                    "src/"
                ]
            },
            "scripts": {
                "build-development": [
                    "pnpm run build"
                ],
                "build-production": [
                    "pnpm run build-production"
                ],
                "phpunit": [
                    "phpunit-select-config phpunit.#.xml.dist --colors=always"
                ],
                "test-js": [
                    "pnpm run test"
                ],
                "test-js-coverage": [
                    "pnpm run test-coverage"
                ],
                "test-php": [
                    "@composer phpunit"
                ],
                "test-php-coverage": [
                    "php -dpcov.directory=. ./vendor/bin/phpunit-select-config phpunit.#.xml.dist --coverage-php \"$COVERAGE_DIR/php.cov\""
                ]
            },
            "license": [
                "GPL-2.0-or-later"
            ],
            "description": "Shared AI infrastructure helpers for Automattic plugins",
            "transport-options": {
                "relative": true
            }
        },
        {
            "name": "automattic/jetpack-assets",
            "version": "dev-trunk",
            "dist": {
                "type": "path",
                "url": "../../packages/assets",
                "reference": "7214a03808294ae652164b2495dc4e8a09c54e89"
            },
            "require": {
                "automattic/jetpack-constants": "@dev",
                "automattic/jetpack-status": "@dev",
                "php": ">=7.2"
            },
            "require-dev": {
                "automattic/phpunit-select-config": "@dev",
                "brain/monkey": "^2.6.2",
                "wikimedia/testing-access-wrapper": "^1.0 || ^2.0 || ^3.0 || ^4.0",
                "yoast/phpunit-polyfills": "^4.0.0"
            },
            "suggest": {
                "automattic/jetpack-autoloader": "Allow for better interoperability with other plugins that use this package."
            },
            "type": "jetpack-library",
            "extra": {
                "autotagger": true,
                "mirror-repo": "Automattic/jetpack-assets",
                "textdomain": "jetpack-assets",
                "changelogger": {
                    "link-template": "https://github.com/Automattic/jetpack-assets/compare/v${old}...v${new}"
                },
                "branch-alias": {
                    "dev-trunk": "4.4.x-dev"
                }
            },
            "autoload": {
                "files": [
                    "actions.php"
                ],
                "classmap": [
                    "src/"
                ]
            },
            "scripts": {
                "build-development": [
                    "pnpm run build"
                ],
                "build-production": [
                    "pnpm run build-production"
                ],
                "phpunit": [
                    "phpunit-select-config phpunit.#.xml.dist --colors=always"
                ],
                "test-js": [
                    "pnpm run test"
                ],
                "test-js-coverage": [
                    "pnpm run test-coverage"
                ],
                "test-php": [
                    "@composer phpunit"
                ],
                "test-php-coverage": [
                    "php -dpcov.directory=. ./vendor/bin/phpunit-select-config phpunit.#.xml.dist --coverage-php \"$COVERAGE_DIR/php.cov\""
                ]
            },
            "license": [
                "GPL-2.0-or-later"
            ],
            "description": "Asset management utilities for Jetpack ecosystem packages",
            "transport-options": {
                "relative": true
            }
        },
        {
            "name": "automattic/jetpack-autoloader",
            "version": "dev-trunk",
            "dist": {
                "type": "path",
                "url": "../../packages/autoloader",
                "reference": "afee041b24440e62c6ddb502b3c6716044f8c3ed"
            },
            "require": {
                "composer-plugin-api": "^2.2",
                "php": ">=7.2"
            },
            "require-dev": {
                "automattic/phpunit-select-config": "@dev",
                "composer/composer": "^2.2",
                "yoast/phpunit-polyfills": "^4.0.0"
            },
            "type": "composer-plugin",
            "extra": {
                "autotagger": true,
                "class": "Automattic\\Jetpack\\Autoloader\\CustomAutoloaderPlugin",
                "mirror-repo": "Automattic/jetpack-autoloader",
                "changelogger": {
                    "link-template": "https://github.com/Automattic/jetpack-autoloader/compare/v${old}...v${new}"
                },
                "version-constants": {
                    "::VERSION": "src/AutoloadGenerator.php"
                },
                "branch-alias": {
                    "dev-trunk": "5.0.x-dev"
                }
            },
            "autoload": {
                "classmap": [
                    "src/AutoloadGenerator.php"
                ],
                "psr-4": {
                    "Automattic\\Jetpack\\Autoloader\\": "src"
                }
            },
            "scripts": {
                "phpunit": [
                    "phpunit-select-config phpunit.#.xml.dist --colors=always"
                ],
                "test-php": [
                    "@composer phpunit"
                ],
                "test-php-coverage": [
                    "php -dpcov.directory=. ./vendor/bin/phpunit-select-config phpunit.#.xml.dist --coverage-php \"./tests/php/tmp/coverage-report.php\"",
                    "php ./tests/php/bin/test-coverage.php \"$COVERAGE_DIR/php.cov\""
                ]
            },
            "license": [
                "GPL-2.0-or-later"
            ],
            "description": "Creates a custom autoloader for a plugin or theme.",
            "keywords": [
                "autoload",
                "autoloader",
                "composer",
                "jetpack",
                "plugin",
                "wordpress"
            ],
            "transport-options": {
                "relative": true
            }
        },
        {
            "name": "automattic/jetpack-composer-plugin",
            "version": "dev-trunk",
            "dist": {
                "type": "path",
                "url": "../../packages/composer-plugin",
                "reference": "4c4b86f8b4a330c7033d2f49e33397d044a3d7a0"
            },
            "require": {
                "composer-plugin-api": "^2.2",
                "php": ">=7.2"
            },
            "require-dev": {
                "automattic/phpunit-select-config": "@dev",
                "composer/composer": "^2.2",
                "yoast/phpunit-polyfills": "^4.0.0"
            },
            "type": "composer-plugin",
            "extra": {
                "plugin-modifies-install-path": true,
                "class": "Automattic\\Jetpack\\Composer\\Plugin",
                "mirror-repo": "Automattic/jetpack-composer-plugin",
                "changelogger": {
                    "link-template": "https://github.com/Automattic/jetpack-composer-plugin/compare/v${old}...v${new}"
                },
                "autotagger": true,
                "branch-alias": {
                    "dev-trunk": "4.0.x-dev"
                }
            },
            "autoload": {
                "classmap": [
                    "src/"
                ]
            },
            "scripts": {
                "phpunit": [
                    "phpunit-select-config phpunit.#.xml.dist --colors=always"
                ],
                "test-php": [
                    "@composer phpunit"
                ],
                "test-php-coverage": [
                    "php -dpcov.directory=. ./vendor/bin/phpunit-select-config phpunit.#.xml.dist --coverage-php \"$COVERAGE_DIR/php.cov\""
                ]
            },
            "license": [
                "GPL-2.0-or-later"
            ],
            "description": "A custom installer plugin for Composer to move Jetpack packages out of `vendor/` so WordPress's translation infrastructure will find their strings.",
            "keywords": [
                "composer",
                "i18n",
                "jetpack",
                "plugin"
            ],
            "transport-options": {
                "relative": true
            }
        },
        {
            "name": "automattic/jetpack-connection",
            "version": "dev-trunk",
            "dist": {
                "type": "path",
                "url": "../../packages/connection",
                "reference": "ce362d9d8bf97228d5267f8d4a9b05379ff98aa2"
            },
            "require": {
                "automattic/jetpack-a8c-mc-stats": "@dev",
                "automattic/jetpack-admin-ui": "@dev",
                "automattic/jetpack-assets": "@dev",
                "automattic/jetpack-constants": "@dev",
                "automattic/jetpack-ip": "@dev",
                "automattic/jetpack-redirect": "@dev",
                "automattic/jetpack-roles": "@dev",
                "automattic/jetpack-status": "@dev",
                "php": ">=7.2"
            },
            "require-dev": {
                "automattic/jetpack-licensing": "@dev",
                "automattic/jetpack-sync": "@dev",
                "automattic/jetpack-test-environment": "@dev",
                "automattic/jetpack-wp-abilities": "@dev",
                "automattic/phpunit-select-config": "@dev",
                "brain/monkey": "^2.6.2",
                "yoast/phpunit-polyfills": "^4.0.0"
            },
            "suggest": {
                "automattic/jetpack-autoloader": "Allow for better interoperability with other plugins that use this package."
            },
            "type": "jetpack-library",
            "extra": {
                "autotagger": true,
                "mirror-repo": "Automattic/jetpack-connection",
                "textdomain": "jetpack-connection",
                "version-constants": {
                    "::PACKAGE_VERSION": "src/class-package-version.php"
                },
                "changelogger": {
                    "link-template": "https://github.com/Automattic/jetpack-connection/compare/v${old}...v${new}"
                },
                "branch-alias": {
                    "dev-trunk": "8.7.x-dev"
                },
                "dependencies": {
                    "test-only": [
                        "packages/licensing",
                        "packages/sync"
                    ]
                }
            },
            "autoload": {
                "files": [
                    "actions.php"
                ],
                "classmap": [
                    "legacy",
                    "src/",
                    "src/webhooks",
                    "src/identity-crisis"
                ]
            },
            "scripts": {
                "build-production": [
                    "pnpm run build-production"
                ],
                "build-development": [
                    "pnpm run build"
                ],
                "phpunit": [
                    "phpunit-select-config phpunit.#.xml.dist --colors=always"
                ],
                "test-php": [
                    "@composer phpunit"
                ],
                "test-php-coverage": [
                    "php -dpcov.directory=. ./vendor/bin/phpunit-select-config phpunit.#.xml.dist --coverage-php \"$COVERAGE_DIR/php.cov\""
                ]
            },
            "license": [
                "GPL-2.0-or-later"
            ],
            "description": "Everything needed to connect to the Jetpack infrastructure",
            "transport-options": {
                "relative": true
            }
        },
        {
            "name": "automattic/jetpack-constants",
            "version": "dev-trunk",
            "dist": {
                "type": "path",
                "url": "../../packages/constants",
                "reference": "a2f68c778c6c47b3e9f7699379fe5efa8ffe2acc"
            },
            "require": {
                "php": ">=7.2"
            },
            "require-dev": {
                "automattic/phpunit-select-config": "@dev",
                "brain/monkey": "^2.6.2",
                "yoast/phpunit-polyfills": "^4.0.0"
            },
            "suggest": {
                "automattic/jetpack-autoloader": "Allow for better interoperability with other plugins that use this package."
            },
            "type": "jetpack-library",
            "extra": {
                "autotagger": true,
                "mirror-repo": "Automattic/jetpack-constants",
                "changelogger": {
                    "link-template": "https://github.com/Automattic/jetpack-constants/compare/v${old}...v${new}"
                },
                "branch-alias": {
                    "dev-trunk": "3.0.x-dev"
                }
            },
            "autoload": {
                "classmap": [
                    "src/"
                ]
            },
            "scripts": {
                "phpunit": [
                    "phpunit-select-config phpunit.#.xml.dist --colors=always"
                ],
                "test-php": [
                    "@composer phpunit"
                ],
                "test-php-coverage": [
                    "php -dpcov.directory=. ./vendor/bin/phpunit-select-config phpunit.#.xml.dist --coverage-php \"$COVERAGE_DIR/php.cov\""
                ]
            },
            "license": [
                "GPL-2.0-or-later"
            ],
            "description": "A wrapper for defining constants in a more testable way.",
            "transport-options": {
                "relative": true
            }
        },
        {
            "name": "automattic/jetpack-ip",
            "version": "dev-trunk",
            "dist": {
                "type": "path",
                "url": "../../packages/ip",
                "reference": "d63dccb293846fdd6ef54fb78848d043815de4bb"
            },
            "require": {
                "php": ">=7.2"
            },
            "require-dev": {
                "automattic/phpunit-select-config": "@dev",
                "brain/monkey": "^2.6.2",
                "yoast/phpunit-polyfills": "^4.0.0"
            },
            "suggest": {
                "automattic/jetpack-autoloader": "Allow for better interoperability with other plugins that use this package."
            },
            "type": "jetpack-library",
            "extra": {
                "autotagger": true,
                "mirror-repo": "Automattic/jetpack-ip",
                "changelogger": {
                    "link-template": "https://github.com/automattic/jetpack-ip/compare/v${old}...v${new}"
                },
                "branch-alias": {
                    "dev-trunk": "0.5.x-dev"
                },
                "textdomain": "jetpack-ip",
                "version-constants": {
                    "::PACKAGE_VERSION": "src/class-utils.php"
                }
            },
            "autoload": {
                "classmap": [
                    "src/"
                ]
            },
            "scripts": {
                "phpunit": [
                    "phpunit-select-config phpunit.#.xml.dist --colors=always"
                ],
                "test-php": [
                    "@composer phpunit"
                ],
                "test-php-coverage": [
                    "php -dpcov.directory=. ./vendor/bin/phpunit-select-config phpunit.#.xml.dist --coverage-php \"$COVERAGE_DIR/php.cov\""
                ]
            },
            "license": [
                "GPL-2.0-or-later"
            ],
            "description": "Utilities for working with IP addresses.",
            "transport-options": {
                "relative": true
            }
        },
        {
            "name": "automattic/jetpack-redirect",
            "version": "dev-trunk",
            "dist": {
                "type": "path",
                "url": "../../packages/redirect",
                "reference": "84a8949d203512d279ad65280af8d2af01d4d799"
            },
            "require": {
                "automattic/jetpack-status": "@dev",
                "php": ">=7.2"
            },
            "require-dev": {
                "automattic/phpunit-select-config": "@dev",
                "brain/monkey": "^2.6.2",
                "yoast/phpunit-polyfills": "^4.0.0"
            },
            "suggest": {
                "automattic/jetpack-autoloader": "Allow for better interoperability with other plugins that use this package."
            },
            "type": "jetpack-library",
            "extra": {
                "autotagger": true,
                "mirror-repo": "Automattic/jetpack-redirect",
                "changelogger": {
                    "link-template": "https://github.com/Automattic/jetpack-redirect/compare/v${old}...v${new}"
                },
                "branch-alias": {
                    "dev-trunk": "3.0.x-dev"
                }
            },
            "autoload": {
                "classmap": [
                    "src/"
                ]
            },
            "scripts": {
                "phpunit": [
                    "phpunit-select-config phpunit.#.xml.dist --colors=always"
                ],
                "test-php": [
                    "@composer phpunit"
                ],
                "test-php-coverage": [
                    "php -dpcov.directory=. ./vendor/bin/phpunit-select-config phpunit.#.xml.dist --coverage-php \"$COVERAGE_DIR/php.cov\""
                ]
            },
            "license": [
                "GPL-2.0-or-later"
            ],
            "description": "Utilities to build URLs to the jetpack.com/redirect/ service",
            "transport-options": {
                "relative": true
            }
        },
        {
            "name": "automattic/jetpack-roles",
            "version": "dev-trunk",
            "dist": {
                "type": "path",
                "url": "../../packages/roles",
                "reference": "a9e558a67db231ecf3194a02125a4b3f14a48b94"
            },
            "require": {
                "php": ">=7.2"
            },
            "require-dev": {
                "automattic/phpunit-select-config": "@dev",
                "brain/monkey": "^2.6.2",
                "yoast/phpunit-polyfills": "^4.0.0"
            },
            "suggest": {
                "automattic/jetpack-autoloader": "Allow for better interoperability with other plugins that use this package."
            },
            "type": "jetpack-library",
            "extra": {
                "autotagger": true,
                "mirror-repo": "Automattic/jetpack-roles",
                "changelogger": {
                    "link-template": "https://github.com/Automattic/jetpack-roles/compare/v${old}...v${new}"
                },
                "branch-alias": {
                    "dev-trunk": "3.0.x-dev"
                }
            },
            "autoload": {
                "classmap": [
                    "src/"
                ]
            },
            "scripts": {
                "phpunit": [
                    "phpunit-select-config phpunit.#.xml.dist --colors=always"
                ],
                "test-php": [
                    "@composer phpunit"
                ],
                "test-php-coverage": [
                    "php -dpcov.directory=. ./vendor/bin/phpunit-select-config phpunit.#.xml.dist --coverage-php \"$COVERAGE_DIR/php.cov\""
                ]
            },
            "license": [
                "GPL-2.0-or-later"
            ],
            "description": "Utilities, related with user roles and capabilities.",
            "transport-options": {
                "relative": true
            }
        },
        {
            "name": "automattic/jetpack-status",
            "version": "dev-trunk",
            "dist": {
                "type": "path",
                "url": "../../packages/status",
                "reference": "30e50be852b4f6b22a2a47ed7ab3ef6daa4074b6"
            },
            "require": {
                "automattic/jetpack-constants": "@dev",
                "php": ">=7.2"
            },
            "require-dev": {
                "automattic/jetpack-connection": "@dev",
                "automattic/jetpack-ip": "@dev",
                "automattic/jetpack-plans": "@dev",
                "automattic/phpunit-select-config": "@dev",
                "brain/monkey": "^2.6.2",
                "yoast/phpunit-polyfills": "^4.0.0"
            },
            "suggest": {
                "automattic/jetpack-autoloader": "Allow for better interoperability with other plugins that use this package."
            },
            "type": "jetpack-library",
            "extra": {
                "autotagger": true,
                "mirror-repo": "Automattic/jetpack-status",
                "changelogger": {
                    "link-template": "https://github.com/Automattic/jetpack-status/compare/v${old}...v${new}"
                },
                "branch-alias": {
                    "dev-trunk": "6.1.x-dev"
                },
                "dependencies": {
                    "test-only": [
                        "packages/connection",
                        "packages/plans"
                    ]
                }
            },
            "autoload": {
                "classmap": [
                    "src/"
                ]
            },
            "scripts": {
                "phpunit": [
                    "phpunit-select-config phpunit.#.xml.dist --colors=always"
                ],
                "test-php": [
                    "@composer phpunit"
                ],
                "test-php-coverage": [
                    "php -dpcov.directory=. ./vendor/bin/phpunit-select-config phpunit.#.xml.dist --coverage-php \"$COVERAGE_DIR/php.cov\""
                ]
            },
            "license": [
                "GPL-2.0-or-later"
            ],
            "description": "Used to retrieve information about the current status of Jetpack and the site overall.",
            "transport-options": {
                "relative": true
            }
        }
    ],
    "packages-dev": [],
    "aliases": [],
    "minimum-stability": "dev",
    "stability-flags": {
        "automattic/jetpack-agents-manager": 20,
        "automattic/jetpack-autoloader": 20,
        "automattic/jetpack-composer-plugin": 20
    },
    "prefer-stable": true,
    "prefer-lowest": false,
    "platform": {},
    "platform-dev": {},
    "plugin-api-version": "2.9.0"
}
